// !$*UTF8*$!
{
	archiveVersion = 1;
	classes = {
	};
	objectVersion = 46;
	objects = {

/* Begin PBXBuildFile section */
		B327EB18211932B40021EDCA /* main.cpp in Sources */ = {isa = PBXBuildFile; fileRef = B327EB17211932B40021EDCA /* main.cpp */; };
		B327EB23211971240021EDCA /* main.cpp in Sources */ = {isa = PBXBuildFile; fileRef = B327EB22211971240021EDCA /* main.cpp */; };
		B33271D221243E7B00248800 /* main.cpp in Sources */ = {isa = PBXBuildFile; fileRef = B33271D121243E7B00248800 /* main.cpp */; };
		B33271DD21243EDD00248800 /* main.cpp in Sources */ = {isa = PBXBuildFile; fileRef = B33271DC21243EDD00248800 /* main.cpp */; };
		B33BF0FD20FC613A00BE7AAE /* main.cpp in Sources */ = {isa = PBXBuildFile; fileRef = B33BF0FC20FC613A00BE7AAE /* main.cpp */; };
		B33F5F4D2119B94C00D3B75F /* main.cpp in Sources */ = {isa = PBXBuildFile; fileRef = B33F5F4C2119B94C00D3B75F /* main.cpp */; };
		B3432DEC20EE8B0A005EDAE5 /* main.cpp in Sources */ = {isa = PBXBuildFile; fileRef = B3432DEB20EE8B0A005EDAE5 /* main.cpp */; };
		B3432DF920EE8B2D005EDAE5 /* main.cpp in Sources */ = {isa = PBXBuildFile; fileRef = B3432DF820EE8B2D005EDAE5 /* main.cpp */; };
		B3432E0420EF52DE005EDAE5 /* main.cpp in Sources */ = {isa = PBXBuildFile; fileRef = B3432E0320EF52DE005EDAE5 /* main.cpp */; };
		B3432E0F20F12112005EDAE5 /* main.cpp in Sources */ = {isa = PBXBuildFile; fileRef = B3432E0E20F12112005EDAE5 /* main.cpp */; };
		B3457250211B1BCF00901CCC /* main.cpp in Sources */ = {isa = PBXBuildFile; fileRef = B345724F211B1BCF00901CCC /* main.cpp */; };
		B348E3EC20F3D02E008F351B /* main.cpp in Sources */ = {isa = PBXBuildFile; fileRef = B348E3EB20F3D02E008F351B /* main.cpp */; };
		B34CCA392110496F00795546 /* main.cpp in Sources */ = {isa = PBXBuildFile; fileRef = B34CCA382110496F00795546 /* main.cpp */; };
		B34CCA4421104F1F00795546 /* main.cpp in Sources */ = {isa = PBXBuildFile; fileRef = B34CCA4321104F1F00795546 /* main.cpp */; };
		B363C4F321186D680067D022 /* main.cpp in Sources */ = {isa = PBXBuildFile; fileRef = B363C4F221186D680067D022 /* main.cpp */; };
		B3929D7D2100F02E00B92788 /* main.cpp in Sources */ = {isa = PBXBuildFile; fileRef = B3929D7C2100F02E00B92788 /* main.cpp */; };
		B3DC5FED211EC02600C504B2 /* main.cpp in Sources */ = {isa = PBXBuildFile; fileRef = B3DC5FEC211EC02600C504B2 /* main.cpp */; };
		B3DC60092121995800C504B2 /* main.cpp in Sources */ = {isa = PBXBuildFile; fileRef = B3DC60082121995800C504B2 /* main.cpp */; };
		B3E544732104EA3D002A37E1 /* main.cpp in Sources */ = {isa = PBXBuildFile; fileRef = B3E544722104EA3D002A37E1 /* main.cpp */; };
		B3F1AE0620FCF8610041B6F6 /* main.cpp in Sources */ = {isa = PBXBuildFile; fileRef = B3F1AE0520FCF8610041B6F6 /* main.cpp */; };
/* End PBXBuildFile section */

/* Begin PBXCopyFilesBuildPhase section */
		B327EB13211932B40021EDCA /* CopyFiles */ = {
			isa = PBXCopyFilesBuildPhase;
			buildActionMask = 2147483647;
			dstPath = /usr/share/man/man1/;
			dstSubfolderSpec = 0;
			files = (
			);
			runOnlyForDeploymentPostprocessing = 1;
		};
		B327EB1E211971240021EDCA /* CopyFiles */ = {
			isa = PBXCopyFilesBuildPhase;
			buildActionMask = 2147483647;
			dstPath = /usr/share/man/man1/;
			dstSubfolderSpec = 0;
			files = (
			);
			runOnlyForDeploymentPostprocessing = 1;
		};
		B33271CD21243E7B00248800 /* CopyFiles */ = {
			isa = PBXCopyFilesBuildPhase;
			buildActionMask = 2147483647;
			dstPath = /usr/share/man/man1/;
			dstSubfolderSpec = 0;
			files = (
			);
			runOnlyForDeploymentPostprocessing = 1;
		};
		B33271D821243EDD00248800 /* CopyFiles */ = {
			isa = PBXCopyFilesBuildPhase;
			buildActionMask = 2147483647;
			dstPath = /usr/share/man/man1/;
			dstSubfolderSpec = 0;
			files = (
			);
			runOnlyForDeploymentPostprocessing = 1;
		};
		B33BF0F820FC613A00BE7AAE /* CopyFiles */ = {
			isa = PBXCopyFilesBuildPhase;
			buildActionMask = 2147483647;
			dstPath = /usr/share/man/man1/;
			dstSubfolderSpec = 0;
			files = (
			);
			runOnlyForDeploymentPostprocessing = 1;
		};
		B33F5F482119B94C00D3B75F /* CopyFiles */ = {
			isa = PBXCopyFilesBuildPhase;
			buildActionMask = 2147483647;
			dstPath = /usr/share/man/man1/;
			dstSubfolderSpec = 0;
			files = (
			);
			runOnlyForDeploymentPostprocessing = 1;
		};
		B3432DE620EE8B0A005EDAE5 /* CopyFiles */ = {
			isa = PBXCopyFilesBuildPhase;
			buildActionMask = 2147483647;
			dstPath = /usr/share/man/man1/;
			dstSubfolderSpec = 0;
			files = (
			);
			runOnlyForDeploymentPostprocessing = 1;
		};
		B3432DF420EE8B2D005EDAE5 /* CopyFiles */ = {
			isa = PBXCopyFilesBuildPhase;
			buildActionMask = 2147483647;
			dstPath = /usr/share/man/man1/;
			dstSubfolderSpec = 0;
			files = (
			);
			runOnlyForDeploymentPostprocessing = 1;
		};
		B3432DFF20EF52DE005EDAE5 /* CopyFiles */ = {
			isa = PBXCopyFilesBuildPhase;
			buildActionMask = 2147483647;
			dstPath = /usr/share/man/man1/;
			dstSubfolderSpec = 0;
			files = (
			);
			runOnlyForDeploymentPostprocessing = 1;
		};
		B3432E0A20F12112005EDAE5 /* CopyFiles */ = {
			isa = PBXCopyFilesBuildPhase;
			buildActionMask = 2147483647;
			dstPath = /usr/share/man/man1/;
			dstSubfolderSpec = 0;
			files = (
			);
			runOnlyForDeploymentPostprocessing = 1;
		};
		B345724B211B1BCF00901CCC /* CopyFiles */ = {
			isa = PBXCopyFilesBuildPhase;
			buildActionMask = 2147483647;
			dstPath = /usr/share/man/man1/;
			dstSubfolderSpec = 0;
			files = (
			);
			runOnlyForDeploymentPostprocessing = 1;
		};
		B348E3E720F3D02E008F351B /* CopyFiles */ = {
			isa = PBXCopyFilesBuildPhase;
			buildActionMask = 2147483647;
			dstPath = /usr/share/man/man1/;
			dstSubfolderSpec = 0;
			files = (
			);
			runOnlyForDeploymentPostprocessing = 1;
		};
		B34CCA342110496F00795546 /* CopyFiles */ = {
			isa = PBXCopyFilesBuildPhase;
			buildActionMask = 2147483647;
			dstPath = /usr/share/man/man1/;
			dstSubfolderSpec = 0;
			files = (
			);
			runOnlyForDeploymentPostprocessing = 1;
		};
		B34CCA3F21104F1F00795546 /* CopyFiles */ = {
			isa = PBXCopyFilesBuildPhase;
			buildActionMask = 2147483647;
			dstPath = /usr/share/man/man1/;
			dstSubfolderSpec = 0;
			files = (
			);
			runOnlyForDeploymentPostprocessing = 1;
		};
		B363C4EE21186D680067D022 /* CopyFiles */ = {
			isa = PBXCopyFilesBuildPhase;
			buildActionMask = 2147483647;
			dstPath = /usr/share/man/man1/;
			dstSubfolderSpec = 0;
			files = (
			);
			runOnlyForDeploymentPostprocessing = 1;
		};
		B3929D782100F02E00B92788 /* CopyFiles */ = {
			isa = PBXCopyFilesBuildPhase;
			buildActionMask = 2147483647;
			dstPath = /usr/share/man/man1/;
			dstSubfolderSpec = 0;
			files = (
			);
			runOnlyForDeploymentPostprocessing = 1;
		};
		B3DC5FE8211EC02500C504B2 /* CopyFiles */ = {
			isa = PBXCopyFilesBuildPhase;
			buildActionMask = 2147483647;
			dstPath = /usr/share/man/man1/;
			dstSubfolderSpec = 0;
			files = (
			);
			runOnlyForDeploymentPostprocessing = 1;
		};
		B3DC60042121995800C504B2 /* CopyFiles */ = {
			isa = PBXCopyFilesBuildPhase;
			buildActionMask = 2147483647;
			dstPath = /usr/share/man/man1/;
			dstSubfolderSpec = 0;
			files = (
			);
			runOnlyForDeploymentPostprocessing = 1;
		};
		B3E5446E2104EA3D002A37E1 /* CopyFiles */ = {
			isa = PBXCopyFilesBuildPhase;
			buildActionMask = 2147483647;
			dstPath = /usr/share/man/man1/;
			dstSubfolderSpec = 0;
			files = (
			);
			runOnlyForDeploymentPostprocessing = 1;
		};
		B3F1AE0120FCF8610041B6F6 /* CopyFiles */ = {
			isa = PBXCopyFilesBuildPhase;
			buildActionMask = 2147483647;
			dstPath = /usr/share/man/man1/;
			dstSubfolderSpec = 0;
			files = (
			);
			runOnlyForDeploymentPostprocessing = 1;
		};
/* End PBXCopyFilesBuildPhase section */

/* Begin PBXFileReference section */
		B327EB15211932B40021EDCA /* BlockGame */ = {isa = PBXFileReference; explicitFileType = "compiled.mach-o.executable"; includeInIndex = 0; path = BlockGame; sourceTree = BUILT_PRODUCTS_DIR; };
		B327EB17211932B40021EDCA /* main.cpp */ = {isa = PBXFileReference; lastKnownFileType = sourcecode.cpp.cpp; path = main.cpp; sourceTree = "<group>"; };
		B327EB20211971240021EDCA /* CommonSubsequence */ = {isa = PBXFileReference; explicitFileType = "compiled.mach-o.executable"; includeInIndex = 0; path = CommonSubsequence; sourceTree = BUILT_PRODUCTS_DIR; };
		B327EB22211971240021EDCA /* main.cpp */ = {isa = PBXFileReference; lastKnownFileType = sourcecode.cpp.cpp; path = main.cpp; sourceTree = "<group>"; };
		B33271CF21243E7B00248800 /* EightQueen */ = {isa = PBXFileReference; explicitFileType = "compiled.mach-o.executable"; includeInIndex = 0; path = EightQueen; sourceTree = BUILT_PRODUCTS_DIR; };
		B33271D121243E7B00248800 /* main.cpp */ = {isa = PBXFileReference; lastKnownFileType = sourcecode.cpp.cpp; path = main.cpp; sourceTree = "<group>"; };
		B33271DA21243EDD00248800 /* Joseph */ = {isa = PBXFileReference; explicitFileType = "compiled.mach-o.executable"; includeInIndex = 0; path = Joseph; sourceTree = BUILT_PRODUCTS_DIR; };
		B33271DC21243EDD00248800 /* main.cpp */ = {isa = PBXFileReference; lastKnownFileType = sourcecode.cpp.cpp; path = main.cpp; sourceTree = "<group>"; };
		B33BF0FA20FC613A00BE7AAE /* Frog */ = {isa = PBXFileReference; explicitFileType = "compiled.mach-o.executable"; includeInIndex = 0; path = Frog; sourceTree = BUILT_PRODUCTS_DIR; };
		B33BF0FC20FC613A00BE7AAE /* main.cpp */ = {isa = PBXFileReference; lastKnownFileType = sourcecode.cpp.cpp; path = main.cpp; sourceTree = "<group>"; };
		B33F5F4A2119B94C00D3B75F /* BoardGame */ = {isa = PBXFileReference; explicitFileType = "compiled.mach-o.executable"; includeInIndex = 0; path = BoardGame; sourceTree = BUILT_PRODUCTS_DIR; };
		B33F5F4C2119B94C00D3B75F /* main.cpp */ = {isa = PBXFileReference; lastKnownFileType = sourcecode.cpp.cpp; path = main.cpp; sourceTree = "<group>"; };
		B3432DE820EE8B0A005EDAE5 /* POJ */ = {isa = PBXFileReference; explicitFileType = "compiled.mach-o.executable"; includeInIndex = 0; path = POJ; sourceTree = BUILT_PRODUCTS_DIR; };
		B3432DEB20EE8B0A005EDAE5 /* main.cpp */ = {isa = PBXFileReference; lastKnownFileType = sourcecode.cpp.cpp; path = main.cpp; sourceTree = "<group>"; };
		B3432DF620EE8B2D005EDAE5 /* DynamicArray */ = {isa = PBXFileReference; explicitFileType = "compiled.mach-o.executable"; includeInIndex = 0; path = DynamicArray; sourceTree = BUILT_PRODUCTS_DIR; };
		B3432DF820EE8B2D005EDAE5 /* main.cpp */ = {isa = PBXFileReference; lastKnownFileType = sourcecode.cpp.cpp; path = main.cpp; sourceTree = "<group>"; };
		B3432E0120EF52DE005EDAE5 /* CShape */ = {isa = PBXFileReference; explicitFileType = "compiled.mach-o.executable"; includeInIndex = 0; path = CShape; sourceTree = BUILT_PRODUCTS_DIR; };
		B3432E0320EF52DE005EDAE5 /* main.cpp */ = {isa = PBXFileReference; lastKnownFileType = sourcecode.cpp.cpp; path = main.cpp; sourceTree = "<group>"; };
		B3432E0C20F12112005EDAE5 /* BigInt */ = {isa = PBXFileReference; explicitFileType = "compiled.mach-o.executable"; includeInIndex = 0; path = BigInt; sourceTree = BUILT_PRODUCTS_DIR; };
		B3432E0E20F12112005EDAE5 /* main.cpp */ = {isa = PBXFileReference; lastKnownFileType = sourcecode.cpp.cpp; path = main.cpp; sourceTree = "<group>"; };
		B3432E1C20F27638005EDAE5 /* test */ = {isa = PBXFileReference; lastKnownFileType = folder; path = test; sourceTree = "<group>"; };
		B345724D211B1BCF00901CCC /* BestPlusExpression */ = {isa = PBXFileReference; explicitFileType = "compiled.mach-o.executable"; includeInIndex = 0; path = BestPlusExpression; sourceTree = BUILT_PRODUCTS_DIR; };
		B345724F211B1BCF00901CCC /* main.cpp */ = {isa = PBXFileReference; lastKnownFileType = sourcecode.cpp.cpp; path = main.cpp; sourceTree = "<group>"; };
		B348E3E920F3D02E008F351B /* TurnOffLights */ = {isa = PBXFileReference; explicitFileType = "compiled.mach-o.executable"; includeInIndex = 0; path = TurnOffLights; sourceTree = BUILT_PRODUCTS_DIR; };
		B348E3EB20F3D02E008F351B /* main.cpp */ = {isa = PBXFileReference; lastKnownFileType = sourcecode.cpp.cpp; path = main.cpp; sourceTree = "<group>"; };
		B34CCA362110496F00795546 /* CollectPlus */ = {isa = PBXFileReference; explicitFileType = "compiled.mach-o.executable"; includeInIndex = 0; path = CollectPlus; sourceTree = BUILT_PRODUCTS_DIR; };
		B34CCA382110496F00795546 /* main.cpp */ = {isa = PBXFileReference; lastKnownFileType = sourcecode.cpp.cpp; path = main.cpp; sourceTree = "<group>"; };
		B34CCA4121104F1F00795546 /* Ski */ = {isa = PBXFileReference; explicitFileType = "compiled.mach-o.executable"; includeInIndex = 0; path = Ski; sourceTree = BUILT_PRODUCTS_DIR; };
		B34CCA4321104F1F00795546 /* main.cpp */ = {isa = PBXFileReference; lastKnownFileType = sourcecode.cpp.cpp; path = main.cpp; sourceTree = "<group>"; };
		B363C4F021186D680067D022 /* RiseSubSequence */ = {isa = PBXFileReference; explicitFileType = "compiled.mach-o.executable"; includeInIndex = 0; path = RiseSubSequence; sourceTree = BUILT_PRODUCTS_DIR; };
		B363C4F221186D680067D022 /* main.cpp */ = {isa = PBXFileReference; lastKnownFileType = sourcecode.cpp.cpp; path = main.cpp; sourceTree = "<group>"; };
		B3929D7A2100F02E00B92788 /* LianlianGame */ = {isa = PBXFileReference; explicitFileType = "compiled.mach-o.executable"; includeInIndex = 0; path = LianlianGame; sourceTree = BUILT_PRODUCTS_DIR; };
		B3929D7C2100F02E00B92788 /* main.cpp */ = {isa = PBXFileReference; lastKnownFileType = sourcecode.cpp.cpp; path = main.cpp; sourceTree = "<group>"; };
		B3DC5FEA211EC02500C504B2 /* FencesSequence */ = {isa = PBXFileReference; explicitFileType = "compiled.mach-o.executable"; includeInIndex = 0; path = FencesSequence; sourceTree = BUILT_PRODUCTS_DIR; };
		B3DC5FEC211EC02600C504B2 /* main.cpp */ = {isa = PBXFileReference; lastKnownFileType = sourcecode.cpp.cpp; path = main.cpp; sourceTree = "<group>"; };
		B3DC60062121995800C504B2 /* MatrixChain */ = {isa = PBXFileReference; explicitFileType = "compiled.mach-o.executable"; includeInIndex = 0; path = MatrixChain; sourceTree = BUILT_PRODUCTS_DIR; };
		B3DC60082121995800C504B2 /* main.cpp */ = {isa = PBXFileReference; lastKnownFileType = sourcecode.cpp.cpp; path = main.cpp; sourceTree = "<group>"; };
		B3E544702104EA3D002A37E1 /* CheckerBoard */ = {isa = PBXFileReference; explicitFileType = "compiled.mach-o.executable"; includeInIndex = 0; path = CheckerBoard; sourceTree = BUILT_PRODUCTS_DIR; };
		B3E544722104EA3D002A37E1 /* main.cpp */ = {isa = PBXFileReference; lastKnownFileType = sourcecode.cpp.cpp; path = main.cpp; sourceTree = "<group>"; };
		B3F1AE0320FCF8610041B6F6 /* Paint */ = {isa = PBXFileReference; explicitFileType = "compiled.mach-o.executable"; includeInIndex = 0; path = Paint; sourceTree = BUILT_PRODUCTS_DIR; };
		B3F1AE0520FCF8610041B6F6 /* main.cpp */ = {isa = PBXFileReference; lastKnownFileType = sourcecode.cpp.cpp; path = main.cpp; sourceTree = "<group>"; };
/* End PBXFileReference section */

/* Begin PBXFrameworksBuildPhase section */
		B327EB12211932B40021EDCA /* Frameworks */ = {
			isa = PBXFrameworksBuildPhase;
			buildActionMask = 2147483647;
			files = (
			);
			runOnlyForDeploymentPostprocessing = 0;
		};
		B327EB1D211971240021EDCA /* Frameworks */ = {
			isa = PBXFrameworksBuildPhase;
			buildActionMask = 2147483647;
			files = (
			);
			runOnlyForDeploymentPostprocessing = 0;
		};
		B33271CC21243E7B00248800 /* Frameworks */ = {
			isa = PBXFrameworksBuildPhase;
			buildActionMask = 2147483647;
			files = (
			);
			runOnlyForDeploymentPostprocessing = 0;
		};
		B33271D721243EDD00248800 /* Frameworks */ = {
			isa = PBXFrameworksBuildPhase;
			buildActionMask = 2147483647;
			files = (
			);
			runOnlyForDeploymentPostprocessing = 0;
		};
		B33BF0F720FC613A00BE7AAE /* Frameworks */ = {
			isa = PBXFrameworksBuildPhase;
			buildActionMask = 2147483647;
			files = (
			);
			runOnlyForDeploymentPostprocessing = 0;
		};
		B33F5F472119B94C00D3B75F /* Frameworks */ = {
			isa = PBXFrameworksBuildPhase;
			buildActionMask = 2147483647;
			files = (
			);
			runOnlyForDeploymentPostprocessing = 0;
		};
		B3432DE520EE8B0A005EDAE5 /* Frameworks */ = {
			isa = PBXFrameworksBuildPhase;
			buildActionMask = 2147483647;
			files = (
			);
			runOnlyForDeploymentPostprocessing = 0;
		};
		B3432DF320EE8B2D005EDAE5 /* Frameworks */ = {
			isa = PBXFrameworksBuildPhase;
			buildActionMask = 2147483647;
			files = (
			);
			runOnlyForDeploymentPostprocessing = 0;
		};
		B3432DFE20EF52DE005EDAE5 /* Frameworks */ = {
			isa = PBXFrameworksBuildPhase;
			buildActionMask = 2147483647;
			files = (
			);
			runOnlyForDeploymentPostprocessing = 0;
		};
		B3432E0920F12112005EDAE5 /* Frameworks */ = {
			isa = PBXFrameworksBuildPhase;
			buildActionMask = 2147483647;
			files = (
			);
			runOnlyForDeploymentPostprocessing = 0;
		};
		B345724A211B1BCF00901CCC /* Frameworks */ = {
			isa = PBXFrameworksBuildPhase;
			buildActionMask = 2147483647;
			files = (
			);
			runOnlyForDeploymentPostprocessing = 0;
		};
		B348E3E620F3D02E008F351B /* Frameworks */ = {
			isa = PBXFrameworksBuildPhase;
			buildActionMask = 2147483647;
			files = (
			);
			runOnlyForDeploymentPostprocessing = 0;
		};
		B34CCA332110496F00795546 /* Frameworks */ = {
			isa = PBXFrameworksBuildPhase;
			buildActionMask = 2147483647;
			files = (
			);
			runOnlyForDeploymentPostprocessing = 0;
		};
		B34CCA3E21104F1F00795546 /* Frameworks */ = {
			isa = PBXFrameworksBuildPhase;
			buildActionMask = 2147483647;
			files = (
			);
			runOnlyForDeploymentPostprocessing = 0;
		};
		B363C4ED21186D680067D022 /* Frameworks */ = {
			isa = PBXFrameworksBuildPhase;
			buildActionMask = 2147483647;
			files = (
			);
			runOnlyForDeploymentPostprocessing = 0;
		};
		B3929D772100F02E00B92788 /* Frameworks */ = {
			isa = PBXFrameworksBuildPhase;
			buildActionMask = 2147483647;
			files = (
			);
			runOnlyForDeploymentPostprocessing = 0;
		};
		B3DC5FE7211EC02500C504B2 /* Frameworks */ = {
			isa = PBXFrameworksBuildPhase;
			buildActionMask = 2147483647;
			files = (
			);
			runOnlyForDeploymentPostprocessing = 0;
		};
		B3DC60032121995800C504B2 /* Frameworks */ = {
			isa = PBXFrameworksBuildPhase;
			buildActionMask = 2147483647;
			files = (
			);
			runOnlyForDeploymentPostprocessing = 0;
		};
		B3E5446D2104EA3D002A37E1 /* Frameworks */ = {
			isa = PBXFrameworksBuildPhase;
			buildActionMask = 2147483647;
			files = (
			);
			runOnlyForDeploymentPostprocessing = 0;
		};
		B3F1AE0020FCF8610041B6F6 /* Frameworks */ = {
			isa = PBXFrameworksBuildPhase;
			buildActionMask = 2147483647;
			files = (
			);
			runOnlyForDeploymentPostprocessing = 0;
		};
/* End PBXFrameworksBuildPhase section */

/* Begin PBXGroup section */
		B327EB16211932B40021EDCA /* BlockGame */ = {
			isa = PBXGroup;
			children = (
				B327EB17211932B40021EDCA /* main.cpp */,
			);
			path = BlockGame;
			sourceTree = "<group>";
		};
		B327EB21211971240021EDCA /* CommonSubsequence */ = {
			isa = PBXGroup;
			children = (
				B327EB22211971240021EDCA /* main.cpp */,
			);
			path = CommonSubsequence;
			sourceTree = "<group>";
		};
		B33271D021243E7B00248800 /* EightQueen */ = {
			isa = PBXGroup;
			children = (
				B33271D121243E7B00248800 /* main.cpp */,
			);
			path = EightQueen;
			sourceTree = "<group>";
		};
		B33271DB21243EDD00248800 /* Joseph */ = {
			isa = PBXGroup;
			children = (
				B33271DC21243EDD00248800 /* main.cpp */,
			);
			path = Joseph;
			sourceTree = "<group>";
		};
		B33BF0FB20FC613A00BE7AAE /* Frog */ = {
			isa = PBXGroup;
			children = (
				B33BF0FC20FC613A00BE7AAE /* main.cpp */,
			);
			path = Frog;
			sourceTree = "<group>";
		};
		B33F5F4B2119B94C00D3B75F /* BoardGame */ = {
			isa = PBXGroup;
			children = (
				B33F5F4C2119B94C00D3B75F /* main.cpp */,
			);
			path = BoardGame;
			sourceTree = "<group>";
		};
		B3432DDF20EE8B0A005EDAE5 = {
			isa = PBXGroup;
			children = (
				B3432DEA20EE8B0A005EDAE5 /* POJ */,
				B3432DF720EE8B2D005EDAE5 /* DynamicArray */,
				B3432E0220EF52DE005EDAE5 /* CShape */,
				B3432E0D20F12112005EDAE5 /* BigInt */,
				B348E3EA20F3D02E008F351B /* TurnOffLights */,
				B33BF0FB20FC613A00BE7AAE /* Frog */,
				B3F1AE0420FCF8610041B6F6 /* Paint */,
				B3929D7B2100F02E00B92788 /* LianlianGame */,
				B3E544712104EA3D002A37E1 /* CheckerBoard */,
				B34CCA372110496F00795546 /* CollectPlus */,
				B34CCA4221104F1F00795546 /* Ski */,
				B363C4F121186D680067D022 /* RiseSubSequence */,
				B327EB16211932B40021EDCA /* BlockGame */,
				B327EB21211971240021EDCA /* CommonSubsequence */,
				B33F5F4B2119B94C00D3B75F /* BoardGame */,
				B345724E211B1BCF00901CCC /* BestPlusExpression */,
				B3DC5FEB211EC02600C504B2 /* FencesSequence */,
				B3DC60072121995800C504B2 /* MatrixChain */,
				B33271D021243E7B00248800 /* EightQueen */,
				B33271DB21243EDD00248800 /* Joseph */,
				B3432DE920EE8B0A005EDAE5 /* Products */,
			);
			sourceTree = "<group>";
		};
		B3432DE920EE8B0A005EDAE5 /* Products */ = {
			isa = PBXGroup;
			children = (
				B3432DE820EE8B0A005EDAE5 /* POJ */,
				B3432DF620EE8B2D005EDAE5 /* DynamicArray */,
				B3432E0120EF52DE005EDAE5 /* CShape */,
				B3432E0C20F12112005EDAE5 /* BigInt */,
				B348E3E920F3D02E008F351B /* TurnOffLights */,
				B33BF0FA20FC613A00BE7AAE /* Frog */,
				B3F1AE0320FCF8610041B6F6 /* Paint */,
				B3929D7A2100F02E00B92788 /* LianlianGame */,
				B3E544702104EA3D002A37E1 /* CheckerBoard */,
				B34CCA362110496F00795546 /* CollectPlus */,
				B34CCA4121104F1F00795546 /* Ski */,
				B363C4F021186D680067D022 /* RiseSubSequence */,
				B327EB15211932B40021EDCA /* BlockGame */,
				B327EB20211971240021EDCA /* CommonSubsequence */,
				B33F5F4A2119B94C00D3B75F /* BoardGame */,
				B345724D211B1BCF00901CCC /* BestPlusExpression */,
				B3DC5FEA211EC02500C504B2 /* FencesSequence */,
				B3DC60062121995800C504B2 /* MatrixChain */,
				B33271CF21243E7B00248800 /* EightQueen */,
				B33271DA21243EDD00248800 /* Joseph */,
			);
			name = Products;
			sourceTree = "<group>";
		};
		B3432DEA20EE8B0A005EDAE5 /* POJ */ = {
			isa = PBXGroup;
			children = (
				B3432DEB20EE8B0A005EDAE5 /* main.cpp */,
			);
			path = POJ;
			sourceTree = "<group>";
		};
		B3432DF720EE8B2D005EDAE5 /* DynamicArray */ = {
			isa = PBXGroup;
			children = (
				B3432DF820EE8B2D005EDAE5 /* main.cpp */,
				B3432E1C20F27638005EDAE5 /* test */,
			);
			path = DynamicArray;
			sourceTree = "<group>";
		};
		B3432E0220EF52DE005EDAE5 /* CShape */ = {
			isa = PBXGroup;
			children = (
				B3432E0320EF52DE005EDAE5 /* main.cpp */,
			);
			path = CShape;
			sourceTree = "<group>";
		};
		B3432E0D20F12112005EDAE5 /* BigInt */ = {
			isa = PBXGroup;
			children = (
				B3432E0E20F12112005EDAE5 /* main.cpp */,
			);
			path = BigInt;
			sourceTree = "<group>";
		};
		B345724E211B1BCF00901CCC /* BestPlusExpression */ = {
			isa = PBXGroup;
			children = (
				B345724F211B1BCF00901CCC /* main.cpp */,
			);
			path = BestPlusExpression;
			sourceTree = "<group>";
		};
		B348E3EA20F3D02E008F351B /* TurnOffLights */ = {
			isa = PBXGroup;
			children = (
				B348E3EB20F3D02E008F351B /* main.cpp */,
			);
			path = TurnOffLights;
			sourceTree = "<group>";
		};
		B34CCA372110496F00795546 /* CollectPlus */ = {
			isa = PBXGroup;
			children = (
				B34CCA382110496F00795546 /* main.cpp */,
			);
			path = CollectPlus;
			sourceTree = "<group>";
		};
		B34CCA4221104F1F00795546 /* Ski */ = {
			isa = PBXGroup;
			children = (
				B34CCA4321104F1F00795546 /* main.cpp */,
			);
			path = Ski;
			sourceTree = "<group>";
		};
		B363C4F121186D680067D022 /* RiseSubSequence */ = {
			isa = PBXGroup;
			children = (
				B363C4F221186D680067D022 /* main.cpp */,
			);
			path = RiseSubSequence;
			sourceTree = "<group>";
		};
		B3929D7B2100F02E00B92788 /* LianlianGame */ = {
			isa = PBXGroup;
			children = (
				B3929D7C2100F02E00B92788 /* main.cpp */,
			);
			path = LianlianGame;
			sourceTree = "<group>";
		};
		B3DC5FEB211EC02600C504B2 /* FencesSequence */ = {
			isa = PBXGroup;
			children = (
				B3DC5FEC211EC02600C504B2 /* main.cpp */,
			);
			path = FencesSequence;
			sourceTree = "<group>";
		};
		B3DC60072121995800C504B2 /* MatrixChain */ = {
			isa = PBXGroup;
			children = (
				B3DC60082121995800C504B2 /* main.cpp */,
			);
			path = MatrixChain;
			sourceTree = "<group>";
		};
		B3E544712104EA3D002A37E1 /* CheckerBoard */ = {
			isa = PBXGroup;
			children = (
				B3E544722104EA3D002A37E1 /* main.cpp */,
			);
			path = CheckerBoard;
			sourceTree = "<group>";
		};
		B3F1AE0420FCF8610041B6F6 /* Paint */ = {
			isa = PBXGroup;
			children = (
				B3F1AE0520FCF8610041B6F6 /* main.cpp */,
			);
			path = Paint;
			sourceTree = "<group>";
		};
/* End PBXGroup section */

/* Begin PBXNativeTarget section */
		B327EB14211932B40021EDCA /* BlockGame */ = {
			isa = PBXNativeTarget;
			buildConfigurationList = B327EB1B211932B40021EDCA /* Build configuration list for PBXNativeTarget "BlockGame" */;
			buildPhases = (
				B327EB11211932B40021EDCA /* Sources */,
				B327EB12211932B40021EDCA /* Frameworks */,
				B327EB13211932B40021EDCA /* CopyFiles */,
			);
			buildRules = (
			);
			dependencies = (
			);
			name = BlockGame;
			productName = BlockGame;
			productReference = B327EB15211932B40021EDCA /* BlockGame */;
			productType = "com.apple.product-type.tool";
		};
		B327EB1F211971240021EDCA /* CommonSubsequence */ = {
			isa = PBXNativeTarget;
			buildConfigurationList = B327EB24211971240021EDCA /* Build configuration list for PBXNativeTarget "CommonSubsequence" */;
			buildPhases = (
				B327EB1C211971240021EDCA /* Sources */,
				B327EB1D211971240021EDCA /* Frameworks */,
				B327EB1E211971240021EDCA /* CopyFiles */,
			);
			buildRules = (
			);
			dependencies = (
			);
			name = CommonSubsequence;
			productName = CommonSubsequence;
			productReference = B327EB20211971240021EDCA /* CommonSubsequence */;
			productType = "com.apple.product-type.tool";
		};
		B33271CE21243E7B00248800 /* EightQueen */ = {
			isa = PBXNativeTarget;
			buildConfigurationList = B33271D521243E7B00248800 /* Build configuration list for PBXNativeTarget "EightQueen" */;
			buildPhases = (
				B33271CB21243E7B00248800 /* Sources */,
				B33271CC21243E7B00248800 /* Frameworks */,
				B33271CD21243E7B00248800 /* CopyFiles */,
			);
			buildRules = (
			);
			dependencies = (
			);
			name = EightQueen;
			productName = EightQueen;
			productReference = B33271CF21243E7B00248800 /* EightQueen */;
			productType = "com.apple.product-type.tool";
		};
		B33271D921243EDD00248800 /* Joseph */ = {
			isa = PBXNativeTarget;
			buildConfigurationList = B33271DE21243EDD00248800 /* Build configuration list for PBXNativeTarget "Joseph" */;
			buildPhases = (
				B33271D621243EDD00248800 /* Sources */,
				B33271D721243EDD00248800 /* Frameworks */,
				B33271D821243EDD00248800 /* CopyFiles */,
			);
			buildRules = (
			);
			dependencies = (
			);
			name = Joseph;
			productName = Joseph;
			productReference = B33271DA21243EDD00248800 /* Joseph */;
			productType = "com.apple.product-type.tool";
		};
		B33BF0F920FC613A00BE7AAE /* Frog */ = {
			isa = PBXNativeTarget;
			buildConfigurationList = B33BF10020FC613A00BE7AAE /* Build configuration list for PBXNativeTarget "Frog" */;
			buildPhases = (
				B33BF0F620FC613A00BE7AAE /* Sources */,
				B33BF0F720FC613A00BE7AAE /* Frameworks */,
				B33BF0F820FC613A00BE7AAE /* CopyFiles */,
			);
			buildRules = (
			);
			dependencies = (
			);
			name = Frog;
			productName = Frog;
			productReference = B33BF0FA20FC613A00BE7AAE /* Frog */;
			productType = "com.apple.product-type.tool";
		};
		B33F5F492119B94C00D3B75F /* BoardGame */ = {
			isa = PBXNativeTarget;
			buildConfigurationList = B33F5F502119B94C00D3B75F /* Build configuration list for PBXNativeTarget "BoardGame" */;
			buildPhases = (
				B33F5F462119B94C00D3B75F /* Sources */,
				B33F5F472119B94C00D3B75F /* Frameworks */,
				B33F5F482119B94C00D3B75F /* CopyFiles */,
			);
			buildRules = (
			);
			dependencies = (
			);
			name = BoardGame;
			productName = BoardGame;
			productReference = B33F5F4A2119B94C00D3B75F /* BoardGame */;
			productType = "com.apple.product-type.tool";
		};
		B3432DE720EE8B0A005EDAE5 /* POJ */ = {
			isa = PBXNativeTarget;
			buildConfigurationList = B3432DEF20EE8B0A005EDAE5 /* Build configuration list for PBXNativeTarget "POJ" */;
			buildPhases = (
				B3432DE420EE8B0A005EDAE5 /* Sources */,
				B3432DE520EE8B0A005EDAE5 /* Frameworks */,
				B3432DE620EE8B0A005EDAE5 /* CopyFiles */,
			);
			buildRules = (
			);
			dependencies = (
			);
			name = POJ;
			productName = POJ;
			productReference = B3432DE820EE8B0A005EDAE5 /* POJ */;
			productType = "com.apple.product-type.tool";
		};
		B3432DF520EE8B2D005EDAE5 /* DynamicArray */ = {
			isa = PBXNativeTarget;
			buildConfigurationList = B3432DFA20EE8B2D005EDAE5 /* Build configuration list for PBXNativeTarget "DynamicArray" */;
			buildPhases = (
				B3432DF220EE8B2D005EDAE5 /* Sources */,
				B3432DF320EE8B2D005EDAE5 /* Frameworks */,
				B3432DF420EE8B2D005EDAE5 /* CopyFiles */,
			);
			buildRules = (
			);
			dependencies = (
			);
			name = DynamicArray;
			productName = DynamicArray;
			productReference = B3432DF620EE8B2D005EDAE5 /* DynamicArray */;
			productType = "com.apple.product-type.tool";
		};
		B3432E0020EF52DE005EDAE5 /* CShape */ = {
			isa = PBXNativeTarget;
			buildConfigurationList = B3432E0520EF52DE005EDAE5 /* Build configuration list for PBXNativeTarget "CShape" */;
			buildPhases = (
				B3432DFD20EF52DE005EDAE5 /* Sources */,
				B3432DFE20EF52DE005EDAE5 /* Frameworks */,
				B3432DFF20EF52DE005EDAE5 /* CopyFiles */,
			);
			buildRules = (
			);
			dependencies = (
			);
			name = CShape;
			productName = CShape;
			productReference = B3432E0120EF52DE005EDAE5 /* CShape */;
			productType = "com.apple.product-type.tool";
		};
		B3432E0B20F12112005EDAE5 /* BigInt */ = {
			isa = PBXNativeTarget;
			buildConfigurationList = B3432E1020F12112005EDAE5 /* Build configuration list for PBXNativeTarget "BigInt" */;
			buildPhases = (
				B3432E0820F12112005EDAE5 /* Sources */,
				B3432E0920F12112005EDAE5 /* Frameworks */,
				B3432E0A20F12112005EDAE5 /* CopyFiles */,
			);
			buildRules = (
			);
			dependencies = (
			);
			name = BigInt;
			productName = BigInt;
			productReference = B3432E0C20F12112005EDAE5 /* BigInt */;
			productType = "com.apple.product-type.tool";
		};
		B345724C211B1BCF00901CCC /* BestPlusExpression */ = {
			isa = PBXNativeTarget;
			buildConfigurationList = B3457253211B1BCF00901CCC /* Build configuration list for PBXNativeTarget "BestPlusExpression" */;
			buildPhases = (
				B3457249211B1BCF00901CCC /* Sources */,
				B345724A211B1BCF00901CCC /* Frameworks */,
				B345724B211B1BCF00901CCC /* CopyFiles */,
			);
			buildRules = (
			);
			dependencies = (
			);
			name = BestPlusExpression;
			productName = BestPlusExpression;
			productReference = B345724D211B1BCF00901CCC /* BestPlusExpression */;
			productType = "com.apple.product-type.tool";
		};
		B348E3E820F3D02E008F351B /* TurnOffLights */ = {
			isa = PBXNativeTarget;
			buildConfigurationList = B348E3EF20F3D02E008F351B /* Build configuration list for PBXNativeTarget "TurnOffLights" */;
			buildPhases = (
				B348E3E520F3D02E008F351B /* Sources */,
				B348E3E620F3D02E008F351B /* Frameworks */,
				B348E3E720F3D02E008F351B /* CopyFiles */,
			);
			buildRules = (
			);
			dependencies = (
			);
			name = TurnOffLights;
			productName = TurnOffLights;
			productReference = B348E3E920F3D02E008F351B /* TurnOffLights */;
			productType = "com.apple.product-type.tool";
		};
		B34CCA352110496F00795546 /* CollectPlus */ = {
			isa = PBXNativeTarget;
			buildConfigurationList = B34CCA3A2110496F00795546 /* Build configuration list for PBXNativeTarget "CollectPlus" */;
			buildPhases = (
				B34CCA322110496F00795546 /* Sources */,
				B34CCA332110496F00795546 /* Frameworks */,
				B34CCA342110496F00795546 /* CopyFiles */,
			);
			buildRules = (
			);
			dependencies = (
			);
			name = CollectPlus;
			productName = CollectPlus;
			productReference = B34CCA362110496F00795546 /* CollectPlus */;
			productType = "com.apple.product-type.tool";
		};
		B34CCA4021104F1F00795546 /* Ski */ = {
			isa = PBXNativeTarget;
			buildConfigurationList = B34CCA4521104F1F00795546 /* Build configuration list for PBXNativeTarget "Ski" */;
			buildPhases = (
				B34CCA3D21104F1F00795546 /* Sources */,
				B34CCA3E21104F1F00795546 /* Frameworks */,
				B34CCA3F21104F1F00795546 /* CopyFiles */,
			);
			buildRules = (
			);
			dependencies = (
			);
			name = Ski;
			productName = Ski;
			productReference = B34CCA4121104F1F00795546 /* Ski */;
			productType = "com.apple.product-type.tool";
		};
		B363C4EF21186D680067D022 /* RiseSubSequence */ = {
			isa = PBXNativeTarget;
			buildConfigurationList = B363C4F421186D680067D022 /* Build configuration list for PBXNativeTarget "RiseSubSequence" */;
			buildPhases = (
				B363C4EC21186D680067D022 /* Sources */,
				B363C4ED21186D680067D022 /* Frameworks */,
				B363C4EE21186D680067D022 /* CopyFiles */,
			);
			buildRules = (
			);
			dependencies = (
			);
			name = RiseSubSequence;
			productName = RiseSubSequence;
			productReference = B363C4F021186D680067D022 /* RiseSubSequence */;
			productType = "com.apple.product-type.tool";
		};
		B3929D792100F02E00B92788 /* LianlianGame */ = {
			isa = PBXNativeTarget;
			buildConfigurationList = B3929D802100F02E00B92788 /* Build configuration list for PBXNativeTarget "LianlianGame" */;
			buildPhases = (
				B3929D762100F02E00B92788 /* Sources */,
				B3929D772100F02E00B92788 /* Frameworks */,
				B3929D782100F02E00B92788 /* CopyFiles */,
			);
			buildRules = (
			);
			dependencies = (
			);
			name = LianlianGame;
			productName = LianlianGame;
			productReference = B3929D7A2100F02E00B92788 /* LianlianGame */;
			productType = "com.apple.product-type.tool";
		};
		B3DC5FE9211EC02500C504B2 /* FencesSequence */ = {
			isa = PBXNativeTarget;
			buildConfigurationList = B3DC5FF0211EC02600C504B2 /* Build configuration list for PBXNativeTarget "FencesSequence" */;
			buildPhases = (
				B3DC5FE6211EC02500C504B2 /* Sources */,
				B3DC5FE7211EC02500C504B2 /* Frameworks */,
				B3DC5FE8211EC02500C504B2 /* CopyFiles */,
			);
			buildRules = (
			);
			dependencies = (
			);
			name = FencesSequence;
			productName = FencesSequence;
			productReference = B3DC5FEA211EC02500C504B2 /* FencesSequence */;
			productType = "com.apple.product-type.tool";
		};
		B3DC60052121995800C504B2 /* MatrixChain */ = {
			isa = PBXNativeTarget;
			buildConfigurationList = B3DC600C2121995800C504B2 /* Build configuration list for PBXNativeTarget "MatrixChain" */;
			buildPhases = (
				B3DC60022121995800C504B2 /* Sources */,
				B3DC60032121995800C504B2 /* Frameworks */,
				B3DC60042121995800C504B2 /* CopyFiles */,
			);
			buildRules = (
			);
			dependencies = (
			);
			name = MatrixChain;
			productName = MatrixChain;
			productReference = B3DC60062121995800C504B2 /* MatrixChain */;
			productType = "com.apple.product-type.tool";
		};
		B3E5446F2104EA3D002A37E1 /* CheckerBoard */ = {
			isa = PBXNativeTarget;
			buildConfigurationList = B3E544762104EA3D002A37E1 /* Build configuration list for PBXNativeTarget "CheckerBoard" */;
			buildPhases = (
				B3E5446C2104EA3D002A37E1 /* Sources */,
				B3E5446D2104EA3D002A37E1 /* Frameworks */,
				B3E5446E2104EA3D002A37E1 /* CopyFiles */,
			);
			buildRules = (
			);
			dependencies = (
			);
			name = CheckerBoard;
			productName = CheckerBoard;
			productReference = B3E544702104EA3D002A37E1 /* CheckerBoard */;
			productType = "com.apple.product-type.tool";
		};
		B3F1AE0220FCF8610041B6F6 /* Paint */ = {
			isa = PBXNativeTarget;
			buildConfigurationList = B3F1AE0920FCF8610041B6F6 /* Build configuration list for PBXNativeTarget "Paint" */;
			buildPhases = (
				B3F1ADFF20FCF8610041B6F6 /* Sources */,
				B3F1AE0020FCF8610041B6F6 /* Frameworks */,
				B3F1AE0120FCF8610041B6F6 /* CopyFiles */,
			);
			buildRules = (
			);
			dependencies = (
			);
			name = Paint;
			productName = Paint;
			productReference = B3F1AE0320FCF8610041B6F6 /* Paint */;
			productType = "com.apple.product-type.tool";
		};
/* End PBXNativeTarget section */

/* Begin PBXProject section */
		B3432DE020EE8B0A005EDAE5 /* Project object */ = {
			isa = PBXProject;
			attributes = {
				LastSwiftUpdateCheck = 0940;
				LastUpgradeCheck = 0830;
				ORGANIZATIONNAME = bingyan;
				TargetAttributes = {
					B327EB14211932B40021EDCA = {
						CreatedOnToolsVersion = 9.4.1;
						DevelopmentTeam = 94ZP37H472;
						ProvisioningStyle = Automatic;
					};
					B327EB1F211971240021EDCA = {
						CreatedOnToolsVersion = 9.4.1;
						DevelopmentTeam = 94ZP37H472;
						ProvisioningStyle = Automatic;
					};
					B33271CE21243E7B00248800 = {
						CreatedOnToolsVersion = 9.4.1;
						DevelopmentTeam = 94ZP37H472;
						ProvisioningStyle = Automatic;
					};
					B33271D921243EDD00248800 = {
						CreatedOnToolsVersion = 9.4.1;
						DevelopmentTeam = 94ZP37H472;
						ProvisioningStyle = Automatic;
					};
					B33BF0F920FC613A00BE7AAE = {
						CreatedOnToolsVersion = 9.4.1;
						DevelopmentTeam = 94ZP37H472;
						ProvisioningStyle = Automatic;
					};
					B33F5F492119B94C00D3B75F = {
						CreatedOnToolsVersion = 9.4.1;
						DevelopmentTeam = 94ZP37H472;
						ProvisioningStyle = Automatic;
					};
					B3432DE720EE8B0A005EDAE5 = {
						CreatedOnToolsVersion = 8.3.3;
						DevelopmentTeam = 94ZP37H472;
						ProvisioningStyle = Automatic;
					};
					B3432DF520EE8B2D005EDAE5 = {
						CreatedOnToolsVersion = 8.3.3;
						DevelopmentTeam = 94ZP37H472;
						ProvisioningStyle = Automatic;
					};
					B3432E0020EF52DE005EDAE5 = {
						CreatedOnToolsVersion = 8.3.3;
						DevelopmentTeam = 94ZP37H472;
						ProvisioningStyle = Automatic;
					};
					B3432E0B20F12112005EDAE5 = {
						CreatedOnToolsVersion = 8.3.3;
						DevelopmentTeam = 94ZP37H472;
						ProvisioningStyle = Automatic;
					};
					B345724C211B1BCF00901CCC = {
						CreatedOnToolsVersion = 9.4.1;
						DevelopmentTeam = 94ZP37H472;
						ProvisioningStyle = Automatic;
					};
					B348E3E820F3D02E008F351B = {
						CreatedOnToolsVersion = 8.3.3;
						DevelopmentTeam = 94ZP37H472;
						ProvisioningStyle = Automatic;
					};
					B34CCA352110496F00795546 = {
						CreatedOnToolsVersion = 9.4.1;
						DevelopmentTeam = 94ZP37H472;
						ProvisioningStyle = Automatic;
					};
					B34CCA4021104F1F00795546 = {
						CreatedOnToolsVersion = 9.4.1;
						DevelopmentTeam = 94ZP37H472;
						ProvisioningStyle = Automatic;
					};
					B363C4EF21186D680067D022 = {
						CreatedOnToolsVersion = 9.4.1;
						DevelopmentTeam = 94ZP37H472;
						ProvisioningStyle = Automatic;
					};
					B3929D792100F02E00B92788 = {
						CreatedOnToolsVersion = 9.4.1;
						DevelopmentTeam = 94ZP37H472;
						ProvisioningStyle = Automatic;
					};
					B3DC5FE9211EC02500C504B2 = {
						CreatedOnToolsVersion = 9.4.1;
						DevelopmentTeam = 94ZP37H472;
						ProvisioningStyle = Automatic;
					};
					B3DC60052121995800C504B2 = {
						CreatedOnToolsVersion = 9.4.1;
						DevelopmentTeam = 94ZP37H472;
						ProvisioningStyle = Automatic;
					};
					B3E5446F2104EA3D002A37E1 = {
						CreatedOnToolsVersion = 9.4.1;
						DevelopmentTeam = 94ZP37H472;
						ProvisioningStyle = Automatic;
					};
					B3F1AE0220FCF8610041B6F6 = {
						CreatedOnToolsVersion = 9.4.1;
						DevelopmentTeam = 94ZP37H472;
						ProvisioningStyle = Automatic;
					};
				};
			};
			buildConfigurationList = B3432DE320EE8B0A005EDAE5 /* Build configuration list for PBXProject "POJ" */;
			compatibilityVersion = "Xcode 3.2";
			developmentRegion = English;
			hasScannedForEncodings = 0;
			knownRegions = (
				en,
			);
			mainGroup = B3432DDF20EE8B0A005EDAE5;
			productRefGroup = B3432DE920EE8B0A005EDAE5 /* Products */;
			projectDirPath = "";
			projectRoot = "";
			targets = (
				B3432DE720EE8B0A005EDAE5 /* POJ */,
				B3432DF520EE8B2D005EDAE5 /* DynamicArray */,
				B3432E0020EF52DE005EDAE5 /* CShape */,
				B3432E0B20F12112005EDAE5 /* BigInt */,
				B348E3E820F3D02E008F351B /* TurnOffLights */,
				B33BF0F920FC613A00BE7AAE /* Frog */,
				B3F1AE0220FCF8610041B6F6 /* Paint */,
				B3929D792100F02E00B92788 /* LianlianGame */,
				B3E5446F2104EA3D002A37E1 /* CheckerBoard */,
				B34CCA352110496F00795546 /* CollectPlus */,
				B34CCA4021104F1F00795546 /* Ski */,
				B363C4EF21186D680067D022 /* RiseSubSequence */,
				B327EB14211932B40021EDCA /* BlockGame */,
				B327EB1F211971240021EDCA /* CommonSubsequence */,
				B33F5F492119B94C00D3B75F /* BoardGame */,
				B345724C211B1BCF00901CCC /* BestPlusExpression */,
				B3DC5FE9211EC02500C504B2 /* FencesSequence */,
				B3DC60052121995800C504B2 /* MatrixChain */,
				B33271CE21243E7B00248800 /* EightQueen */,
				B33271D921243EDD00248800 /* Joseph */,
			);
		};
/* End PBXProject section */

/* Begin PBXSourcesBuildPhase section */
		B327EB11211932B40021EDCA /* Sources */ = {
			isa = PBXSourcesBuildPhase;
			buildActionMask = 2147483647;
			files = (
				B327EB18211932B40021EDCA /* main.cpp in Sources */,
			);
			runOnlyForDeploymentPostprocessing = 0;
		};
		B327EB1C211971240021EDCA /* Sources */ = {
			isa = PBXSourcesBuildPhase;
			buildActionMask = 2147483647;
			files = (
				B327EB23211971240021EDCA /* main.cpp in Sources */,
			);
			runOnlyForDeploymentPostprocessing = 0;
		};
		B33271CB21243E7B00248800 /* Sources */ = {
			isa = PBXSourcesBuildPhase;
			buildActionMask = 2147483647;
			files = (
				B33271D221243E7B00248800 /* main.cpp in Sources */,
			);
			runOnlyForDeploymentPostprocessing = 0;
		};
		B33271D621243EDD00248800 /* Sources */ = {
			isa = PBXSourcesBuildPhase;
			buildActionMask = 2147483647;
			files = (
				B33271DD21243EDD00248800 /* main.cpp in Sources */,
			);
			runOnlyForDeploymentPostprocessing = 0;
		};
		B33BF0F620FC613A00BE7AAE /* Sources */ = {
			isa = PBXSourcesBuildPhase;
			buildActionMask = 2147483647;
			files = (
				B33BF0FD20FC613A00BE7AAE /* main.cpp in Sources */,
			);
			runOnlyForDeploymentPostprocessing = 0;
		};
		B33F5F462119B94C00D3B75F /* Sources */ = {
			isa = PBXSourcesBuildPhase;
			buildActionMask = 2147483647;
			files = (
				B33F5F4D2119B94C00D3B75F /* main.cpp in Sources */,
			);
			runOnlyForDeploymentPostprocessing = 0;
		};
		B3432DE420EE8B0A005EDAE5 /* Sources */ = {
			isa = PBXSourcesBuildPhase;
			buildActionMask = 2147483647;
			files = (
				B3432DEC20EE8B0A005EDAE5 /* main.cpp in Sources */,
			);
			runOnlyForDeploymentPostprocessing = 0;
		};
		B3432DF220EE8B2D005EDAE5 /* Sources */ = {
			isa = PBXSourcesBuildPhase;
			buildActionMask = 2147483647;
			files = (
				B3432DF920EE8B2D005EDAE5 /* main.cpp in Sources */,
			);
			runOnlyForDeploymentPostprocessing = 0;
		};
		B3432DFD20EF52DE005EDAE5 /* Sources */ = {
			isa = PBXSourcesBuildPhase;
			buildActionMask = 2147483647;
			files = (
				B3432E0420EF52DE005EDAE5 /* main.cpp in Sources */,
			);
			runOnlyForDeploymentPostprocessing = 0;
		};
		B3432E0820F12112005EDAE5 /* Sources */ = {
			isa = PBXSourcesBuildPhase;
			buildActionMask = 2147483647;
			files = (
				B3432E0F20F12112005EDAE5 /* main.cpp in Sources */,
			);
			runOnlyForDeploymentPostprocessing = 0;
		};
		B3457249211B1BCF00901CCC /* Sources */ = {
			isa = PBXSourcesBuildPhase;
			buildActionMask = 2147483647;
			files = (
				B3457250211B1BCF00901CCC /* main.cpp in Sources */,
			);
			runOnlyForDeploymentPostprocessing = 0;
		};
		B348E3E520F3D02E008F351B /* Sources */ = {
			isa = PBXSourcesBuildPhase;
			buildActionMask = 2147483647;
			files = (
				B348E3EC20F3D02E008F351B /* main.cpp in Sources */,
			);
			runOnlyForDeploymentPostprocessing = 0;
		};
		B34CCA322110496F00795546 /* Sources */ = {
			isa = PBXSourcesBuildPhase;
			buildActionMask = 2147483647;
			files = (
				B34CCA392110496F00795546 /* main.cpp in Sources */,
			);
			runOnlyForDeploymentPostprocessing = 0;
		};
		B34CCA3D21104F1F00795546 /* Sources */ = {
			isa = PBXSourcesBuildPhase;
			buildActionMask = 2147483647;
			files = (
				B34CCA4421104F1F00795546 /* main.cpp in Sources */,
			);
			runOnlyForDeploymentPostprocessing = 0;
		};
		B363C4EC21186D680067D022 /* Sources */ = {
			isa = PBXSourcesBuildPhase;
			buildActionMask = 2147483647;
			files = (
				B363C4F321186D680067D022 /* main.cpp in Sources */,
			);
			runOnlyForDeploymentPostprocessing = 0;
		};
		B3929D762100F02E00B92788 /* Sources */ = {
			isa = PBXSourcesBuildPhase;
			buildActionMask = 2147483647;
			files = (
				B3929D7D2100F02E00B92788 /* main.cpp in Sources */,
			);
			runOnlyForDeploymentPostprocessing = 0;
		};
		B3DC5FE6211EC02500C504B2 /* Sources */ = {
			isa = PBXSourcesBuildPhase;
			buildActionMask = 2147483647;
			files = (
				B3DC5FED211EC02600C504B2 /* main.cpp in Sources */,
			);
			runOnlyForDeploymentPostprocessing = 0;
		};
		B3DC60022121995800C504B2 /* Sources */ = {
			isa = PBXSourcesBuildPhase;
			buildActionMask = 2147483647;
			files = (
				B3DC60092121995800C504B2 /* main.cpp in Sources */,
			);
			runOnlyForDeploymentPostprocessing = 0;
		};
		B3E5446C2104EA3D002A37E1 /* Sources */ = {
			isa = PBXSourcesBuildPhase;
			buildActionMask = 2147483647;
			files = (
				B3E544732104EA3D002A37E1 /* main.cpp in Sources */,
			);
			runOnlyForDeploymentPostprocessing = 0;
		};
		B3F1ADFF20FCF8610041B6F6 /* Sources */ = {
			isa = PBXSourcesBuildPhase;
			buildActionMask = 2147483647;
			files = (
				B3F1AE0620FCF8610041B6F6 /* main.cpp in Sources */,
			);
			runOnlyForDeploymentPostprocessing = 0;
		};
/* End PBXSourcesBuildPhase section */

/* Begin XCBuildConfiguration section */
		B327EB19211932B40021EDCA /* Debug */ = {
			isa = XCBuildConfiguration;
			buildSettings = {
				CLANG_CXX_LANGUAGE_STANDARD = "gnu++14";
				CLANG_ENABLE_OBJC_WEAK = YES;
				CLANG_WARN_BLOCK_CAPTURE_AUTORELEASING = YES;
				CLANG_WARN_COMMA = YES;
				CLANG_WARN_DEPRECATED_OBJC_IMPLEMENTATIONS = YES;
				CLANG_WARN_NON_LITERAL_NULL_CONVERSION = YES;
				CLANG_WARN_OBJC_IMPLICIT_RETAIN_SELF = YES;
				CLANG_WARN_OBJC_LITERAL_CONVERSION = YES;
				CLANG_WARN_RANGE_LOOP_ANALYSIS = YES;
				CLANG_WARN_STRICT_PROTOTYPES = YES;
				CLANG_WARN_UNGUARDED_AVAILABILITY = YES_AGGRESSIVE;
				CODE_SIGN_IDENTITY = "Mac Developer";
				CODE_SIGN_STYLE = Automatic;
				DEVELOPMENT_TEAM = 94ZP37H472;
				GCC_C_LANGUAGE_STANDARD = gnu11;
				PRODUCT_NAME = "$(TARGET_NAME)";
			};
			name = Debug;
		};
		B327EB1A211932B40021EDCA /* Release */ = {
			isa = XCBuildConfiguration;
			buildSettings = {
				CLANG_CXX_LANGUAGE_STANDARD = "gnu++14";
				CLANG_ENABLE_OBJC_WEAK = YES;
				CLANG_WARN_BLOCK_CAPTURE_AUTORELEASING = YES;
				CLANG_WARN_COMMA = YES;
				CLANG_WARN_DEPRECATED_OBJC_IMPLEMENTATIONS = YES;
				CLANG_WARN_NON_LITERAL_NULL_CONVERSION = YES;
				CLANG_WARN_OBJC_IMPLICIT_RETAIN_SELF = YES;
				CLANG_WARN_OBJC_LITERAL_CONVERSION = YES;
				CLANG_WARN_RANGE_LOOP_ANALYSIS = YES;
				CLANG_WARN_STRICT_PROTOTYPES = YES;
				CLANG_WARN_UNGUARDED_AVAILABILITY = YES_AGGRESSIVE;
				CODE_SIGN_IDENTITY = "Mac Developer";
				CODE_SIGN_STYLE = Automatic;
				DEVELOPMENT_TEAM = 94ZP37H472;
				GCC_C_LANGUAGE_STANDARD = gnu11;
				PRODUCT_NAME = "$(TARGET_NAME)";
			};
			name = Release;
		};
		B327EB25211971240021EDCA /* Debug */ = {
			isa = XCBuildConfiguration;
			buildSettings = {
				CLANG_CXX_LANGUAGE_STANDARD = "gnu++14";
				CLANG_ENABLE_OBJC_WEAK = YES;
				CLANG_WARN_BLOCK_CAPTURE_AUTORELEASING = YES;
				CLANG_WARN_COMMA = YES;
				CLANG_WARN_DEPRECATED_OBJC_IMPLEMENTATIONS = YES;
				CLANG_WARN_NON_LITERAL_NULL_CONVERSION = YES;
				CLANG_WARN_OBJC_IMPLICIT_RETAIN_SELF = YES;
				CLANG_WARN_OBJC_LITERAL_CONVERSION = YES;
				CLANG_WARN_RANGE_LOOP_ANALYSIS = YES;
				CLANG_WARN_STRICT_PROTOTYPES = YES;
				CLANG_WARN_UNGUARDED_AVAILABILITY = YES_AGGRESSIVE;
				CODE_SIGN_IDENTITY = "Mac Developer";
				CODE_SIGN_STYLE = Automatic;
				DEVELOPMENT_TEAM = 94ZP37H472;
				GCC_C_LANGUAGE_STANDARD = gnu11;
				PRODUCT_NAME = "$(TARGET_NAME)";
			};
			name = Debug;
		};
		B327EB26211971240021EDCA /* Release */ = {
			isa = XCBuildConfiguration;
			buildSettings = {
				CLANG_CXX_LANGUAGE_STANDARD = "gnu++14";
				CLANG_ENABLE_OBJC_WEAK = YES;
				CLANG_WARN_BLOCK_CAPTURE_AUTORELEASING = YES;
				CLANG_WARN_COMMA = YES;
				CLANG_WARN_DEPRECATED_OBJC_IMPLEMENTATIONS = YES;
				CLANG_WARN_NON_LITERAL_NULL_CONVERSION = YES;
				CLANG_WARN_OBJC_IMPLICIT_RETAIN_SELF = YES;
				CLANG_WARN_OBJC_LITERAL_CONVERSION = YES;
				CLANG_WARN_RANGE_LOOP_ANALYSIS = YES;
				CLANG_WARN_STRICT_PROTOTYPES = YES;
				CLANG_WARN_UNGUARDED_AVAILABILITY = YES_AGGRESSIVE;
				CODE_SIGN_IDENTITY = "Mac Developer";
				CODE_SIGN_STYLE = Automatic;
				DEVELOPMENT_TEAM = 94ZP37H472;
				GCC_C_LANGUAGE_STANDARD = gnu11;
				PRODUCT_NAME = "$(TARGET_NAME)";
			};
			name = Release;
		};
		B33271D321243E7B00248800 /* Debug */ = {
			isa = XCBuildConfiguration;
			buildSettings = {
				CLANG_CXX_LANGUAGE_STANDARD = "gnu++14";
				CLANG_ENABLE_OBJC_WEAK = YES;
				CLANG_WARN_BLOCK_CAPTURE_AUTORELEASING = YES;
				CLANG_WARN_COMMA = YES;
				CLANG_WARN_DEPRECATED_OBJC_IMPLEMENTATIONS = YES;
				CLANG_WARN_NON_LITERAL_NULL_CONVERSION = YES;
				CLANG_WARN_OBJC_IMPLICIT_RETAIN_SELF = YES;
				CLANG_WARN_OBJC_LITERAL_CONVERSION = YES;
				CLANG_WARN_RANGE_LOOP_ANALYSIS = YES;
				CLANG_WARN_STRICT_PROTOTYPES = YES;
				CLANG_WARN_UNGUARDED_AVAILABILITY = YES_AGGRESSIVE;
				CODE_SIGN_IDENTITY = "Mac Developer";
				CODE_SIGN_STYLE = Automatic;
				DEVELOPMENT_TEAM = 94ZP37H472;
				GCC_C_LANGUAGE_STANDARD = gnu11;
				PRODUCT_NAME = "$(TARGET_NAME)";
			};
			name = Debug;
		};
		B33271D421243E7B00248800 /* Release */ = {
			isa = XCBuildConfiguration;
			buildSettings = {
				CLANG_CXX_LANGUAGE_STANDARD = "gnu++14";
				CLANG_ENABLE_OBJC_WEAK = YES;
				CLANG_WARN_BLOCK_CAPTURE_AUTORELEASING = YES;
				CLANG_WARN_COMMA = YES;
				CLANG_WARN_DEPRECATED_OBJC_IMPLEMENTATIONS = YES;
				CLANG_WARN_NON_LITERAL_NULL_CONVERSION = YES;
				CLANG_WARN_OBJC_IMPLICIT_RETAIN_SELF = YES;
				CLANG_WARN_OBJC_LITERAL_CONVERSION = YES;
				CLANG_WARN_RANGE_LOOP_ANALYSIS = YES;
				CLANG_WARN_STRICT_PROTOTYPES = YES;
				CLANG_WARN_UNGUARDED_AVAILABILITY = YES_AGGRESSIVE;
				CODE_SIGN_IDENTITY = "Mac Developer";
				CODE_SIGN_STYLE = Automatic;
				DEVELOPMENT_TEAM = 94ZP37H472;
				GCC_C_LANGUAGE_STANDARD = gnu11;
				PRODUCT_NAME = "$(TARGET_NAME)";
			};
			name = Release;
		};
		B33271DF21243EDD00248800 /* Debug */ = {
			isa = XCBuildConfiguration;
			buildSettings = {
				CLANG_CXX_LANGUAGE_STANDARD = "gnu++14";
				CLANG_ENABLE_OBJC_WEAK = YES;
				CLANG_WARN_BLOCK_CAPTURE_AUTORELEASING = YES;
				CLANG_WARN_COMMA = YES;
				CLANG_WARN_DEPRECATED_OBJC_IMPLEMENTATIONS = YES;
				CLANG_WARN_NON_LITERAL_NULL_CONVERSION = YES;
				CLANG_WARN_OBJC_IMPLICIT_RETAIN_SELF = YES;
				CLANG_WARN_OBJC_LITERAL_CONVERSION = YES;
				CLANG_WARN_RANGE_LOOP_ANALYSIS = YES;
				CLANG_WARN_STRICT_PROTOTYPES = YES;
				CLANG_WARN_UNGUARDED_AVAILABILITY = YES_AGGRESSIVE;
				CODE_SIGN_IDENTITY = "Mac Developer";
				CODE_SIGN_STYLE = Automatic;
				DEVELOPMENT_TEAM = 94ZP37H472;
				GCC_C_LANGUAGE_STANDARD = gnu11;
				PRODUCT_NAME = "$(TARGET_NAME)";
			};
			name = Debug;
		};
		B33271E021243EDD00248800 /* Release */ = {
			isa = XCBuildConfiguration;
			buildSettings = {
				CLANG_CXX_LANGUAGE_STANDARD = "gnu++14";
				CLANG_ENABLE_OBJC_WEAK = YES;
				CLANG_WARN_BLOCK_CAPTURE_AUTORELEASING = YES;
				CLANG_WARN_COMMA = YES;
				CLANG_WARN_DEPRECATED_OBJC_IMPLEMENTATIONS = YES;
				CLANG_WARN_NON_LITERAL_NULL_CONVERSION = YES;
				CLANG_WARN_OBJC_IMPLICIT_RETAIN_SELF = YES;
				CLANG_WARN_OBJC_LITERAL_CONVERSION = YES;
				CLANG_WARN_RANGE_LOOP_ANALYSIS = YES;
				CLANG_WARN_STRICT_PROTOTYPES = YES;
				CLANG_WARN_UNGUARDED_AVAILABILITY = YES_AGGRESSIVE;
				CODE_SIGN_IDENTITY = "Mac Developer";
				CODE_SIGN_STYLE = Automatic;
				DEVELOPMENT_TEAM = 94ZP37H472;
				GCC_C_LANGUAGE_STANDARD = gnu11;
				PRODUCT_NAME = "$(TARGET_NAME)";
			};
			name = Release;
		};
		B33BF0FE20FC613A00BE7AAE /* Debug */ = {
			isa = XCBuildConfiguration;
			buildSettings = {
				CLANG_CXX_LANGUAGE_STANDARD = "gnu++14";
				CLANG_ENABLE_OBJC_WEAK = YES;
				CLANG_WARN_BLOCK_CAPTURE_AUTORELEASING = YES;
				CLANG_WARN_COMMA = YES;
				CLANG_WARN_DEPRECATED_OBJC_IMPLEMENTATIONS = YES;
				CLANG_WARN_NON_LITERAL_NULL_CONVERSION = YES;
				CLANG_WARN_OBJC_IMPLICIT_RETAIN_SELF = YES;
				CLANG_WARN_OBJC_LITERAL_CONVERSION = YES;
				CLANG_WARN_RANGE_LOOP_ANALYSIS = YES;
				CLANG_WARN_STRICT_PROTOTYPES = YES;
				CLANG_WARN_UNGUARDED_AVAILABILITY = YES_AGGRESSIVE;
				CODE_SIGN_IDENTITY = "Mac Developer";
				CODE_SIGN_STYLE = Automatic;
				DEVELOPMENT_TEAM = 94ZP37H472;
				GCC_C_LANGUAGE_STANDARD = gnu11;
				PRODUCT_NAME = "$(TARGET_NAME)";
			};
			name = Debug;
		};
		B33BF0FF20FC613A00BE7AAE /* Release */ = {
			isa = XCBuildConfiguration;
			buildSettings = {
				CLANG_CXX_LANGUAGE_STANDARD = "gnu++14";
				CLANG_ENABLE_OBJC_WEAK = YES;
				CLANG_WARN_BLOCK_CAPTURE_AUTORELEASING = YES;
				CLANG_WARN_COMMA = YES;
				CLANG_WARN_DEPRECATED_OBJC_IMPLEMENTATIONS = YES;
				CLANG_WARN_NON_LITERAL_NULL_CONVERSION = YES;
				CLANG_WARN_OBJC_IMPLICIT_RETAIN_SELF = YES;
				CLANG_WARN_OBJC_LITERAL_CONVERSION = YES;
				CLANG_WARN_RANGE_LOOP_ANALYSIS = YES;
				CLANG_WARN_STRICT_PROTOTYPES = YES;
				CLANG_WARN_UNGUARDED_AVAILABILITY = YES_AGGRESSIVE;
				CODE_SIGN_IDENTITY = "Mac Developer";
				CODE_SIGN_STYLE = Automatic;
				DEVELOPMENT_TEAM = 94ZP37H472;
				GCC_C_LANGUAGE_STANDARD = gnu11;
				PRODUCT_NAME = "$(TARGET_NAME)";
			};
			name = Release;
		};
		B33F5F4E2119B94C00D3B75F /* Debug */ = {
			isa = XCBuildConfiguration;
			buildSettings = {
				CLANG_CXX_LANGUAGE_STANDARD = "gnu++14";
				CLANG_ENABLE_OBJC_WEAK = YES;
				CLANG_WARN_BLOCK_CAPTURE_AUTORELEASING = YES;
				CLANG_WARN_COMMA = YES;
				CLANG_WARN_DEPRECATED_OBJC_IMPLEMENTATIONS = YES;
				CLANG_WARN_NON_LITERAL_NULL_CONVERSION = YES;
				CLANG_WARN_OBJC_IMPLICIT_RETAIN_SELF = YES;
				CLANG_WARN_OBJC_LITERAL_CONVERSION = YES;
				CLANG_WARN_RANGE_LOOP_ANALYSIS = YES;
				CLANG_WARN_STRICT_PROTOTYPES = YES;
				CLANG_WARN_UNGUARDED_AVAILABILITY = YES_AGGRESSIVE;
				CODE_SIGN_IDENTITY = "Mac Developer";
				CODE_SIGN_STYLE = Automatic;
				DEVELOPMENT_TEAM = 94ZP37H472;
				GCC_C_LANGUAGE_STANDARD = gnu11;
				PRODUCT_NAME = "$(TARGET_NAME)";
			};
			name = Debug;
		};
		B33F5F4F2119B94C00D3B75F /* Release */ = {
			isa = XCBuildConfiguration;
			buildSettings = {
				CLANG_CXX_LANGUAGE_STANDARD = "gnu++14";
				CLANG_ENABLE_OBJC_WEAK = YES;
				CLANG_WARN_BLOCK_CAPTURE_AUTORELEASING = YES;
				CLANG_WARN_COMMA = YES;
				CLANG_WARN_DEPRECATED_OBJC_IMPLEMENTATIONS = YES;
				CLANG_WARN_NON_LITERAL_NULL_CONVERSION = YES;
				CLANG_WARN_OBJC_IMPLICIT_RETAIN_SELF = YES;
				CLANG_WARN_OBJC_LITERAL_CONVERSION = YES;
				CLANG_WARN_RANGE_LOOP_ANALYSIS = YES;
				CLANG_WARN_STRICT_PROTOTYPES = YES;
				CLANG_WARN_UNGUARDED_AVAILABILITY = YES_AGGRESSIVE;
				CODE_SIGN_IDENTITY = "Mac Developer";
				CODE_SIGN_STYLE = Automatic;
				DEVELOPMENT_TEAM = 94ZP37H472;
				GCC_C_LANGUAGE_STANDARD = gnu11;
				PRODUCT_NAME = "$(TARGET_NAME)";
			};
			name = Release;
		};
		B3432DED20EE8B0A005EDAE5 /* Debug */ = {
			isa = XCBuildConfiguration;
			buildSettings = {
				ALWAYS_SEARCH_USER_PATHS = NO;
				CLANG_ANALYZER_NONNULL = YES;
				CLANG_ANALYZER_NUMBER_OBJECT_CONVERSION = YES_AGGRESSIVE;
				CLANG_CXX_LANGUAGE_STANDARD = "gnu++0x";
				CLANG_CXX_LIBRARY = "libc++";
				CLANG_ENABLE_MODULES = YES;
				CLANG_ENABLE_OBJC_ARC = YES;
				CLANG_WARN_BOOL_CONVERSION = YES;
				CLANG_WARN_CONSTANT_CONVERSION = YES;
				CLANG_WARN_DIRECT_OBJC_ISA_USAGE = YES_ERROR;
				CLANG_WARN_DOCUMENTATION_COMMENTS = YES;
				CLANG_WARN_EMPTY_BODY = YES;
				CLANG_WARN_ENUM_CONVERSION = YES;
				CLANG_WARN_INFINITE_RECURSION = YES;
				CLANG_WARN_INT_CONVERSION = YES;
				CLANG_WARN_OBJC_ROOT_CLASS = YES_ERROR;
				CLANG_WARN_SUSPICIOUS_MOVE = YES;
				CLANG_WARN_UNREACHABLE_CODE = YES;
				CLANG_WARN__DUPLICATE_METHOD_MATCH = YES;
				CODE_SIGN_IDENTITY = "-";
				COPY_PHASE_STRIP = NO;
				DEBUG_INFORMATION_FORMAT = dwarf;
				ENABLE_STRICT_OBJC_MSGSEND = YES;
				ENABLE_TESTABILITY = YES;
				GCC_C_LANGUAGE_STANDARD = gnu99;
				GCC_DYNAMIC_NO_PIC = NO;
				GCC_NO_COMMON_BLOCKS = YES;
				GCC_OPTIMIZATION_LEVEL = 0;
				GCC_PREPROCESSOR_DEFINITIONS = (
					"DEBUG=1",
					"$(inherited)",
				);
				GCC_WARN_64_TO_32_BIT_CONVERSION = YES;
				GCC_WARN_ABOUT_RETURN_TYPE = YES_ERROR;
				GCC_WARN_UNDECLARED_SELECTOR = YES;
				GCC_WARN_UNINITIALIZED_AUTOS = YES_AGGRESSIVE;
				GCC_WARN_UNUSED_FUNCTION = YES;
				GCC_WARN_UNUSED_VARIABLE = YES;
				MACOSX_DEPLOYMENT_TARGET = 10.13;
				MTL_ENABLE_DEBUG_INFO = YES;
				ONLY_ACTIVE_ARCH = YES;
				SDKROOT = macosx;
			};
			name = Debug;
		};
		B3432DEE20EE8B0A005EDAE5 /* Release */ = {
			isa = XCBuildConfiguration;
			buildSettings = {
				ALWAYS_SEARCH_USER_PATHS = NO;
				CLANG_ANALYZER_NONNULL = YES;
				CLANG_ANALYZER_NUMBER_OBJECT_CONVERSION = YES_AGGRESSIVE;
				CLANG_CXX_LANGUAGE_STANDARD = "gnu++0x";
				CLANG_CXX_LIBRARY = "libc++";
				CLANG_ENABLE_MODULES = YES;
				CLANG_ENABLE_OBJC_ARC = YES;
				CLANG_WARN_BOOL_CONVERSION = YES;
				CLANG_WARN_CONSTANT_CONVERSION = YES;
				CLANG_WARN_DIRECT_OBJC_ISA_USAGE = YES_ERROR;
				CLANG_WARN_DOCUMENTATION_COMMENTS = YES;
				CLANG_WARN_EMPTY_BODY = YES;
				CLANG_WARN_ENUM_CONVERSION = YES;
				CLANG_WARN_INFINITE_RECURSION = YES;
				CLANG_WARN_INT_CONVERSION = YES;
				CLANG_WARN_OBJC_ROOT_CLASS = YES_ERROR;
				CLANG_WARN_SUSPICIOUS_MOVE = YES;
				CLANG_WARN_UNREACHABLE_CODE = YES;
				CLANG_WARN__DUPLICATE_METHOD_MATCH = YES;
				CODE_SIGN_IDENTITY = "-";
				COPY_PHASE_STRIP = NO;
				DEBUG_INFORMATION_FORMAT = "dwarf-with-dsym";
				ENABLE_NS_ASSERTIONS = NO;
				ENABLE_STRICT_OBJC_MSGSEND = YES;
				GCC_C_LANGUAGE_STANDARD = gnu99;
				GCC_NO_COMMON_BLOCKS = YES;
				GCC_WARN_64_TO_32_BIT_CONVERSION = YES;
				GCC_WARN_ABOUT_RETURN_TYPE = YES_ERROR;
				GCC_WARN_UNDECLARED_SELECTOR = YES;
				GCC_WARN_UNINITIALIZED_AUTOS = YES_AGGRESSIVE;
				GCC_WARN_UNUSED_FUNCTION = YES;
				GCC_WARN_UNUSED_VARIABLE = YES;
				MACOSX_DEPLOYMENT_TARGET = 10.13;
				MTL_ENABLE_DEBUG_INFO = NO;
				SDKROOT = macosx;
			};
			name = Release;
		};
		B3432DF020EE8B0A005EDAE5 /* Debug */ = {
			isa = XCBuildConfiguration;
			buildSettings = {
				DEVELOPMENT_TEAM = 94ZP37H472;
				PRODUCT_NAME = "$(TARGET_NAME)";
			};
			name = Debug;
		};
		B3432DF120EE8B0A005EDAE5 /* Release */ = {
			isa = XCBuildConfiguration;
			buildSettings = {
				DEVELOPMENT_TEAM = 94ZP37H472;
				PRODUCT_NAME = "$(TARGET_NAME)";
			};
			name = Release;
		};
		B3432DFB20EE8B2D005EDAE5 /* Debug */ = {
			isa = XCBuildConfiguration;
			buildSettings = {
				DEVELOPMENT_TEAM = 94ZP37H472;
				PRODUCT_NAME = "$(TARGET_NAME)";
			};
			name = Debug;
		};
		B3432DFC20EE8B2D005EDAE5 /* Release */ = {
			isa = XCBuildConfiguration;
			buildSettings = {
				DEVELOPMENT_TEAM = 94ZP37H472;
				PRODUCT_NAME = "$(TARGET_NAME)";
			};
			name = Release;
		};
		B3432E0620EF52DE005EDAE5 /* Debug */ = {
			isa = XCBuildConfiguration;
			buildSettings = {
				DEVELOPMENT_TEAM = 94ZP37H472;
				PRODUCT_NAME = "$(TARGET_NAME)";
			};
			name = Debug;
		};
		B3432E0720EF52DE005EDAE5 /* Release */ = {
			isa = XCBuildConfiguration;
			buildSettings = {
				DEVELOPMENT_TEAM = 94ZP37H472;
				PRODUCT_NAME = "$(TARGET_NAME)";
			};
			name = Release;
		};
		B3432E1120F12112005EDAE5 /* Debug */ = {
			isa = XCBuildConfiguration;
			buildSettings = {
				DEVELOPMENT_TEAM = 94ZP37H472;
				PRODUCT_NAME = "$(TARGET_NAME)";
			};
			name = Debug;
		};
		B3432E1220F12112005EDAE5 /* Release */ = {
			isa = XCBuildConfiguration;
			buildSettings = {
				DEVELOPMENT_TEAM = 94ZP37H472;
				PRODUCT_NAME = "$(TARGET_NAME)";
			};
			name = Release;
		};
		B3457251211B1BCF00901CCC /* Debug */ = {
			isa = XCBuildConfiguration;
			buildSettings = {
				CLANG_CXX_LANGUAGE_STANDARD = "gnu++14";
				CLANG_ENABLE_OBJC_WEAK = YES;
				CLANG_WARN_BLOCK_CAPTURE_AUTORELEASING = YES;
				CLANG_WARN_COMMA = YES;
				CLANG_WARN_DEPRECATED_OBJC_IMPLEMENTATIONS = YES;
				CLANG_WARN_NON_LITERAL_NULL_CONVERSION = YES;
				CLANG_WARN_OBJC_IMPLICIT_RETAIN_SELF = YES;
				CLANG_WARN_OBJC_LITERAL_CONVERSION = YES;
				CLANG_WARN_RANGE_LOOP_ANALYSIS = YES;
				CLANG_WARN_STRICT_PROTOTYPES = YES;
				CLANG_WARN_UNGUARDED_AVAILABILITY = YES_AGGRESSIVE;
				CODE_SIGN_IDENTITY = "Mac Developer";
				CODE_SIGN_STYLE = Automatic;
				DEVELOPMENT_TEAM = 94ZP37H472;
				GCC_C_LANGUAGE_STANDARD = gnu11;
				PRODUCT_NAME = "$(TARGET_NAME)";
			};
			name = Debug;
		};
		B3457252211B1BCF00901CCC /* Release */ = {
			isa = XCBuildConfiguration;
			buildSettings = {
				CLANG_CXX_LANGUAGE_STANDARD = "gnu++14";
				CLANG_ENABLE_OBJC_WEAK = YES;
				CLANG_WARN_BLOCK_CAPTURE_AUTORELEASING = YES;
				CLANG_WARN_COMMA = YES;
				CLANG_WARN_DEPRECATED_OBJC_IMPLEMENTATIONS = YES;
				CLANG_WARN_NON_LITERAL_NULL_CONVERSION = YES;
				CLANG_WARN_OBJC_IMPLICIT_RETAIN_SELF = YES;
				CLANG_WARN_OBJC_LITERAL_CONVERSION = YES;
				CLANG_WARN_RANGE_LOOP_ANALYSIS = YES;
				CLANG_WARN_STRICT_PROTOTYPES = YES;
				CLANG_WARN_UNGUARDED_AVAILABILITY = YES_AGGRESSIVE;
				CODE_SIGN_IDENTITY = "Mac Developer";
				CODE_SIGN_STYLE = Automatic;
				DEVELOPMENT_TEAM = 94ZP37H472;
				GCC_C_LANGUAGE_STANDARD = gnu11;
				PRODUCT_NAME = "$(TARGET_NAME)";
			};
			name = Release;
		};
		B348E3ED20F3D02E008F351B /* Debug */ = {
			isa = XCBuildConfiguration;
			buildSettings = {
				DEVELOPMENT_TEAM = 94ZP37H472;
				PRODUCT_NAME = "$(TARGET_NAME)";
			};
			name = Debug;
		};
		B348E3EE20F3D02E008F351B /* Release */ = {
			isa = XCBuildConfiguration;
			buildSettings = {
				DEVELOPMENT_TEAM = 94ZP37H472;
				PRODUCT_NAME = "$(TARGET_NAME)";
			};
			name = Release;
		};
		B34CCA3B2110496F00795546 /* Debug */ = {
			isa = XCBuildConfiguration;
			buildSettings = {
				CLANG_CXX_LANGUAGE_STANDARD = "gnu++14";
				CLANG_ENABLE_OBJC_WEAK = YES;
				CLANG_WARN_BLOCK_CAPTURE_AUTORELEASING = YES;
				CLANG_WARN_COMMA = YES;
				CLANG_WARN_DEPRECATED_OBJC_IMPLEMENTATIONS = YES;
				CLANG_WARN_NON_LITERAL_NULL_CONVERSION = YES;
				CLANG_WARN_OBJC_IMPLICIT_RETAIN_SELF = YES;
				CLANG_WARN_OBJC_LITERAL_CONVERSION = YES;
				CLANG_WARN_RANGE_LOOP_ANALYSIS = YES;
				CLANG_WARN_STRICT_PROTOTYPES = YES;
				CLANG_WARN_UNGUARDED_AVAILABILITY = YES_AGGRESSIVE;
				CODE_SIGN_IDENTITY = "Mac Developer";
				CODE_SIGN_STYLE = Automatic;
				DEVELOPMENT_TEAM = 94ZP37H472;
				GCC_C_LANGUAGE_STANDARD = gnu11;
				PRODUCT_NAME = "$(TARGET_NAME)";
			};
			name = Debug;
		};
		B34CCA3C2110496F00795546 /* Release */ = {
			isa = XCBuildConfiguration;
			buildSettings = {
				CLANG_CXX_LANGUAGE_STANDARD = "gnu++14";
				CLANG_ENABLE_OBJC_WEAK = YES;
				CLANG_WARN_BLOCK_CAPTURE_AUTORELEASING = YES;
				CLANG_WARN_COMMA = YES;
				CLANG_WARN_DEPRECATED_OBJC_IMPLEMENTATIONS = YES;
				CLANG_WARN_NON_LITERAL_NULL_CONVERSION = YES;
				CLANG_WARN_OBJC_IMPLICIT_RETAIN_SELF = YES;
				CLANG_WARN_OBJC_LITERAL_CONVERSION = YES;
				CLANG_WARN_RANGE_LOOP_ANALYSIS = YES;
				CLANG_WARN_STRICT_PROTOTYPES = YES;
				CLANG_WARN_UNGUARDED_AVAILABILITY = YES_AGGRESSIVE;
				CODE_SIGN_IDENTITY = "Mac Developer";
				CODE_SIGN_STYLE = Automatic;
				DEVELOPMENT_TEAM = 94ZP37H472;
				GCC_C_LANGUAGE_STANDARD = gnu11;
				PRODUCT_NAME = "$(TARGET_NAME)";
			};
			name = Release;
		};
		B34CCA4621104F1F00795546 /* Debug */ = {
			isa = XCBuildConfiguration;
			buildSettings = {
				CLANG_CXX_LANGUAGE_STANDARD = "gnu++14";
				CLANG_ENABLE_OBJC_WEAK = YES;
				CLANG_WARN_BLOCK_CAPTURE_AUTORELEASING = YES;
				CLANG_WARN_COMMA = YES;
				CLANG_WARN_DEPRECATED_OBJC_IMPLEMENTATIONS = YES;
				CLANG_WARN_NON_LITERAL_NULL_CONVERSION = YES;
				CLANG_WARN_OBJC_IMPLICIT_RETAIN_SELF = YES;
				CLANG_WARN_OBJC_LITERAL_CONVERSION = YES;
				CLANG_WARN_RANGE_LOOP_ANALYSIS = YES;
				CLANG_WARN_STRICT_PROTOTYPES = YES;
				CLANG_WARN_UNGUARDED_AVAILABILITY = YES_AGGRESSIVE;
				CODE_SIGN_IDENTITY = "Mac Developer";
				CODE_SIGN_STYLE = Automatic;
				DEVELOPMENT_TEAM = 94ZP37H472;
				GCC_C_LANGUAGE_STANDARD = gnu11;
				PRODUCT_NAME = "$(TARGET_NAME)";
			};
			name = Debug;
		};
		B34CCA4721104F1F00795546 /* Release */ = {
			isa = XCBuildConfiguration;
			buildSettings = {
				CLANG_CXX_LANGUAGE_STANDARD = "gnu++14";
				CLANG_ENABLE_OBJC_WEAK = YES;
				CLANG_WARN_BLOCK_CAPTURE_AUTORELEASING = YES;
				CLANG_WARN_COMMA = YES;
				CLANG_WARN_DEPRECATED_OBJC_IMPLEMENTATIONS = YES;
				CLANG_WARN_NON_LITERAL_NULL_CONVERSION = YES;
				CLANG_WARN_OBJC_IMPLICIT_RETAIN_SELF = YES;
				CLANG_WARN_OBJC_LITERAL_CONVERSION = YES;
				CLANG_WARN_RANGE_LOOP_ANALYSIS = YES;
				CLANG_WARN_STRICT_PROTOTYPES = YES;
				CLANG_WARN_UNGUARDED_AVAILABILITY = YES_AGGRESSIVE;
				CODE_SIGN_IDENTITY = "Mac Developer";
				CODE_SIGN_STYLE = Automatic;
				DEVELOPMENT_TEAM = 94ZP37H472;
				GCC_C_LANGUAGE_STANDARD = gnu11;
				PRODUCT_NAME = "$(TARGET_NAME)";
			};
			name = Release;
		};
		B363C4F521186D680067D022 /* Debug */ = {
			isa = XCBuildConfiguration;
			buildSettings = {
				CLANG_CXX_LANGUAGE_STANDARD = "gnu++14";
				CLANG_ENABLE_OBJC_WEAK = YES;
				CLANG_WARN_BLOCK_CAPTURE_AUTORELEASING = YES;
				CLANG_WARN_COMMA = YES;
				CLANG_WARN_DEPRECATED_OBJC_IMPLEMENTATIONS = YES;
				CLANG_WARN_NON_LITERAL_NULL_CONVERSION = YES;
				CLANG_WARN_OBJC_IMPLICIT_RETAIN_SELF = YES;
				CLANG_WARN_OBJC_LITERAL_CONVERSION = YES;
				CLANG_WARN_RANGE_LOOP_ANALYSIS = YES;
				CLANG_WARN_STRICT_PROTOTYPES = YES;
				CLANG_WARN_UNGUARDED_AVAILABILITY = YES_AGGRESSIVE;
				CODE_SIGN_IDENTITY = "Mac Developer";
				CODE_SIGN_STYLE = Automatic;
				DEVELOPMENT_TEAM = 94ZP37H472;
				GCC_C_LANGUAGE_STANDARD = gnu11;
				PRODUCT_NAME = "$(TARGET_NAME)";
			};
			name = Debug;
		};
		B363C4F621186D680067D022 /* Release */ = {
			isa = XCBuildConfiguration;
			buildSettings = {
				CLANG_CXX_LANGUAGE_STANDARD = "gnu++14";
				CLANG_ENABLE_OBJC_WEAK = YES;
				CLANG_WARN_BLOCK_CAPTURE_AUTORELEASING = YES;
				CLANG_WARN_COMMA = YES;
				CLANG_WARN_DEPRECATED_OBJC_IMPLEMENTATIONS = YES;
				CLANG_WARN_NON_LITERAL_NULL_CONVERSION = YES;
				CLANG_WARN_OBJC_IMPLICIT_RETAIN_SELF = YES;
				CLANG_WARN_OBJC_LITERAL_CONVERSION = YES;
				CLANG_WARN_RANGE_LOOP_ANALYSIS = YES;
				CLANG_WARN_STRICT_PROTOTYPES = YES;
				CLANG_WARN_UNGUARDED_AVAILABILITY = YES_AGGRESSIVE;
				CODE_SIGN_IDENTITY = "Mac Developer";
				CODE_SIGN_STYLE = Automatic;
				DEVELOPMENT_TEAM = 94ZP37H472;
				GCC_C_LANGUAGE_STANDARD = gnu11;
				PRODUCT_NAME = "$(TARGET_NAME)";
			};
			name = Release;
		};
		B3929D7E2100F02E00B92788 /* Debug */ = {
			isa = XCBuildConfiguration;
			buildSettings = {
				CLANG_CXX_LANGUAGE_STANDARD = "gnu++14";
				CLANG_ENABLE_OBJC_WEAK = YES;
				CLANG_WARN_BLOCK_CAPTURE_AUTORELEASING = YES;
				CLANG_WARN_COMMA = YES;
				CLANG_WARN_DEPRECATED_OBJC_IMPLEMENTATIONS = YES;
				CLANG_WARN_NON_LITERAL_NULL_CONVERSION = YES;
				CLANG_WARN_OBJC_IMPLICIT_RETAIN_SELF = YES;
				CLANG_WARN_OBJC_LITERAL_CONVERSION = YES;
				CLANG_WARN_RANGE_LOOP_ANALYSIS = YES;
				CLANG_WARN_STRICT_PROTOTYPES = YES;
				CLANG_WARN_UNGUARDED_AVAILABILITY = YES_AGGRESSIVE;
				CODE_SIGN_IDENTITY = "Mac Developer";
				CODE_SIGN_STYLE = Automatic;
				DEVELOPMENT_TEAM = 94ZP37H472;
				GCC_C_LANGUAGE_STANDARD = gnu11;
				PRODUCT_NAME = "$(TARGET_NAME)";
			};
			name = Debug;
		};
		B3929D7F2100F02E00B92788 /* Release */ = {
			isa = XCBuildConfiguration;
			buildSettings = {
				CLANG_CXX_LANGUAGE_STANDARD = "gnu++14";
				CLANG_ENABLE_OBJC_WEAK = YES;
				CLANG_WARN_BLOCK_CAPTURE_AUTORELEASING = YES;
				CLANG_WARN_COMMA = YES;
				CLANG_WARN_DEPRECATED_OBJC_IMPLEMENTATIONS = YES;
				CLANG_WARN_NON_LITERAL_NULL_CONVERSION = YES;
				CLANG_WARN_OBJC_IMPLICIT_RETAIN_SELF = YES;
				CLANG_WARN_OBJC_LITERAL_CONVERSION = YES;
				CLANG_WARN_RANGE_LOOP_ANALYSIS = YES;
				CLANG_WARN_STRICT_PROTOTYPES = YES;
				CLANG_WARN_UNGUARDED_AVAILABILITY = YES_AGGRESSIVE;
				CODE_SIGN_IDENTITY = "Mac Developer";
				CODE_SIGN_STYLE = Automatic;
				DEVELOPMENT_TEAM = 94ZP37H472;
				GCC_C_LANGUAGE_STANDARD = gnu11;
				PRODUCT_NAME = "$(TARGET_NAME)";
			};
			name = Release;
		};
		B3DC5FEE211EC02600C504B2 /* Debug */ = {
			isa = XCBuildConfiguration;
			buildSettings = {
				CLANG_CXX_LANGUAGE_STANDARD = "gnu++14";
				CLANG_ENABLE_OBJC_WEAK = YES;
				CLANG_WARN_BLOCK_CAPTURE_AUTORELEASING = YES;
				CLANG_WARN_COMMA = YES;
				CLANG_WARN_DEPRECATED_OBJC_IMPLEMENTATIONS = YES;
				CLANG_WARN_NON_LITERAL_NULL_CONVERSION = YES;
				CLANG_WARN_OBJC_IMPLICIT_RETAIN_SELF = YES;
				CLANG_WARN_OBJC_LITERAL_CONVERSION = YES;
				CLANG_WARN_RANGE_LOOP_ANALYSIS = YES;
				CLANG_WARN_STRICT_PROTOTYPES = YES;
				CLANG_WARN_UNGUARDED_AVAILABILITY = YES_AGGRESSIVE;
				CODE_SIGN_IDENTITY = "Mac Developer";
				CODE_SIGN_STYLE = Automatic;
				DEVELOPMENT_TEAM = 94ZP37H472;
				GCC_C_LANGUAGE_STANDARD = gnu11;
				PRODUCT_NAME = "$(TARGET_NAME)";
			};
			name = Debug;
		};
		B3DC5FEF211EC02600C504B2 /* Release */ = {
			isa = XCBuildConfiguration;
			buildSettings = {
				CLANG_CXX_LANGUAGE_STANDARD = "gnu++14";
				CLANG_ENABLE_OBJC_WEAK = YES;
				CLANG_WARN_BLOCK_CAPTURE_AUTORELEASING = YES;
				CLANG_WARN_COMMA = YES;
				CLANG_WARN_DEPRECATED_OBJC_IMPLEMENTATIONS = YES;
				CLANG_WARN_NON_LITERAL_NULL_CONVERSION = YES;
				CLANG_WARN_OBJC_IMPLICIT_RETAIN_SELF = YES;
				CLANG_WARN_OBJC_LITERAL_CONVERSION = YES;
				CLANG_WARN_RANGE_LOOP_ANALYSIS = YES;
				CLANG_WARN_STRICT_PROTOTYPES = YES;
				CLANG_WARN_UNGUARDED_AVAILABILITY = YES_AGGRESSIVE;
				CODE_SIGN_IDENTITY = "Mac Developer";
				CODE_SIGN_STYLE = Automatic;
				DEVELOPMENT_TEAM = 94ZP37H472;
				GCC_C_LANGUAGE_STANDARD = gnu11;
				PRODUCT_NAME = "$(TARGET_NAME)";
			};
			name = Release;
		};
		B3DC600A2121995800C504B2 /* Debug */ = {
			isa = XCBuildConfiguration;
			buildSettings = {
				CLANG_CXX_LANGUAGE_STANDARD = "gnu++14";
				CLANG_ENABLE_OBJC_WEAK = YES;
				CLANG_WARN_BLOCK_CAPTURE_AUTORELEASING = YES;
				CLANG_WARN_COMMA = YES;
				CLANG_WARN_DEPRECATED_OBJC_IMPLEMENTATIONS = YES;
				CLANG_WARN_NON_LITERAL_NULL_CONVERSION = YES;
				CLANG_WARN_OBJC_IMPLICIT_RETAIN_SELF = YES;
				CLANG_WARN_OBJC_LITERAL_CONVERSION = YES;
				CLANG_WARN_RANGE_LOOP_ANALYSIS = YES;
				CLANG_WARN_STRICT_PROTOTYPES = YES;
				CLANG_WARN_UNGUARDED_AVAILABILITY = YES_AGGRESSIVE;
				CODE_SIGN_IDENTITY = "Mac Developer";
				CODE_SIGN_STYLE = Automatic;
				DEVELOPMENT_TEAM = 94ZP37H472;
				GCC_C_LANGUAGE_STANDARD = gnu11;
				PRODUCT_NAME = "$(TARGET_NAME)";
			};
			name = Debug;
		};
		B3DC600B2121995800C504B2 /* Release */ = {
			isa = XCBuildConfiguration;
			buildSettings = {
				CLANG_CXX_LANGUAGE_STANDARD = "gnu++14";
				CLANG_ENABLE_OBJC_WEAK = YES;
				CLANG_WARN_BLOCK_CAPTURE_AUTORELEASING = YES;
				CLANG_WARN_COMMA = YES;
				CLANG_WARN_DEPRECATED_OBJC_IMPLEMENTATIONS = YES;
				CLANG_WARN_NON_LITERAL_NULL_CONVERSION = YES;
				CLANG_WARN_OBJC_IMPLICIT_RETAIN_SELF = YES;
				CLANG_WARN_OBJC_LITERAL_CONVERSION = YES;
				CLANG_WARN_RANGE_LOOP_ANALYSIS = YES;
				CLANG_WARN_STRICT_PROTOTYPES = YES;
				CLANG_WARN_UNGUARDED_AVAILABILITY = YES_AGGRESSIVE;
				CODE_SIGN_IDENTITY = "Mac Developer";
				CODE_SIGN_STYLE = Automatic;
				DEVELOPMENT_TEAM = 94ZP37H472;
				GCC_C_LANGUAGE_STANDARD = gnu11;
				PRODUCT_NAME = "$(TARGET_NAME)";
			};
			name = Release;
		};
		B3E544742104EA3D002A37E1 /* Debug */ = {
			isa = XCBuildConfiguration;
			buildSettings = {
				CLANG_CXX_LANGUAGE_STANDARD = "gnu++14";
				CLANG_ENABLE_OBJC_WEAK = YES;
				CLANG_WARN_BLOCK_CAPTURE_AUTORELEASING = YES;
				CLANG_WARN_COMMA = YES;
				CLANG_WARN_DEPRECATED_OBJC_IMPLEMENTATIONS = YES;
				CLANG_WARN_NON_LITERAL_NULL_CONVERSION = YES;
				CLANG_WARN_OBJC_IMPLICIT_RETAIN_SELF = YES;
				CLANG_WARN_OBJC_LITERAL_CONVERSION = YES;
				CLANG_WARN_RANGE_LOOP_ANALYSIS = YES;
				CLANG_WARN_STRICT_PROTOTYPES = YES;
				CLANG_WARN_UNGUARDED_AVAILABILITY = YES_AGGRESSIVE;
				CODE_SIGN_IDENTITY = "Mac Developer";
				CODE_SIGN_STYLE = Automatic;
				DEVELOPMENT_TEAM = 94ZP37H472;
				GCC_C_LANGUAGE_STANDARD = gnu11;
				PRODUCT_NAME = "$(TARGET_NAME)";
			};
			name = Debug;
		};
		B3E544752104EA3D002A37E1 /* Release */ = {
			isa = XCBuildConfiguration;
			buildSettings = {
				CLANG_CXX_LANGUAGE_STANDARD = "gnu++14";
				CLANG_ENABLE_OBJC_WEAK = YES;
				CLANG_WARN_BLOCK_CAPTURE_AUTORELEASING = YES;
				CLANG_WARN_COMMA = YES;
				CLANG_WARN_DEPRECATED_OBJC_IMPLEMENTATIONS = YES;
				CLANG_WARN_NON_LITERAL_NULL_CONVERSION = YES;
				CLANG_WARN_OBJC_IMPLICIT_RETAIN_SELF = YES;
				CLANG_WARN_OBJC_LITERAL_CONVERSION = YES;
				CLANG_WARN_RANGE_LOOP_ANALYSIS = YES;
				CLANG_WARN_STRICT_PROTOTYPES = YES;
				CLANG_WARN_UNGUARDED_AVAILABILITY = YES_AGGRESSIVE;
				CODE_SIGN_IDENTITY = "Mac Developer";
				CODE_SIGN_STYLE = Automatic;
				DEVELOPMENT_TEAM = 94ZP37H472;
				GCC_C_LANGUAGE_STANDARD = gnu11;
				PRODUCT_NAME = "$(TARGET_NAME)";
			};
			name = Release;
		};
		B3F1AE0720FCF8610041B6F6 /* Debug */ = {
			isa = XCBuildConfiguration;
			buildSettings = {
				CLANG_CXX_LANGUAGE_STANDARD = "gnu++14";
				CLANG_ENABLE_OBJC_WEAK = YES;
				CLANG_WARN_BLOCK_CAPTURE_AUTORELEASING = YES;
				CLANG_WARN_COMMA = YES;
				CLANG_WARN_DEPRECATED_OBJC_IMPLEMENTATIONS = YES;
				CLANG_WARN_NON_LITERAL_NULL_CONVERSION = YES;
				CLANG_WARN_OBJC_IMPLICIT_RETAIN_SELF = YES;
				CLANG_WARN_OBJC_LITERAL_CONVERSION = YES;
				CLANG_WARN_RANGE_LOOP_ANALYSIS = YES;
				CLANG_WARN_STRICT_PROTOTYPES = YES;
				CLANG_WARN_UNGUARDED_AVAILABILITY = YES_AGGRESSIVE;
				CODE_SIGN_IDENTITY = "Mac Developer";
				CODE_SIGN_STYLE = Automatic;
				DEVELOPMENT_TEAM = 94ZP37H472;
				GCC_C_LANGUAGE_STANDARD = gnu11;
				PRODUCT_NAME = "$(TARGET_NAME)";
			};
			name = Debug;
		};
		B3F1AE0820FCF8610041B6F6 /* Release */ = {
			isa = XCBuildConfiguration;
			buildSettings = {
				CLANG_CXX_LANGUAGE_STANDARD = "gnu++14";
				CLANG_ENABLE_OBJC_WEAK = YES;
				CLANG_WARN_BLOCK_CAPTURE_AUTORELEASING = YES;
				CLANG_WARN_COMMA = YES;
				CLANG_WARN_DEPRECATED_OBJC_IMPLEMENTATIONS = YES;
				CLANG_WARN_NON_LITERAL_NULL_CONVERSION = YES;
				CLANG_WARN_OBJC_IMPLICIT_RETAIN_SELF = YES;
				CLANG_WARN_OBJC_LITERAL_CONVERSION = YES;
				CLANG_WARN_RANGE_LOOP_ANALYSIS = YES;
				CLANG_WARN_STRICT_PROTOTYPES = YES;
				CLANG_WARN_UNGUARDED_AVAILABILITY = YES_AGGRESSIVE;
				CODE_SIGN_IDENTITY = "Mac Developer";
				CODE_SIGN_STYLE = Automatic;
				DEVELOPMENT_TEAM = 94ZP37H472;
				GCC_C_LANGUAGE_STANDARD = gnu11;
				PRODUCT_NAME = "$(TARGET_NAME)";
			};
			name = Release;
		};
/* End XCBuildConfiguration section */

/* Begin XCConfigurationList section */
		B327EB1B211932B40021EDCA /* Build configuration list for PBXNativeTarget "BlockGame" */ = {
			isa = XCConfigurationList;
			buildConfigurations = (
				B327EB19211932B40021EDCA /* Debug */,
				B327EB1A211932B40021EDCA /* Release */,
			);
			defaultConfigurationIsVisible = 0;
			defaultConfigurationName = Release;
		};
		B327EB24211971240021EDCA /* Build configuration list for PBXNativeTarget "CommonSubsequence" */ = {
			isa = XCConfigurationList;
			buildConfigurations = (
				B327EB25211971240021EDCA /* Debug */,
				B327EB26211971240021EDCA /* Release */,
			);
			defaultConfigurationIsVisible = 0;
			defaultConfigurationName = Release;
		};
		B33271D521243E7B00248800 /* Build configuration list for PBXNativeTarget "EightQueen" */ = {
			isa = XCConfigurationList;
			buildConfigurations = (
				B33271D321243E7B00248800 /* Debug */,
				B33271D421243E7B00248800 /* Release */,
			);
			defaultConfigurationIsVisible = 0;
			defaultConfigurationName = Release;
		};
		B33271DE21243EDD00248800 /* Build configuration list for PBXNativeTarget "Joseph" */ = {
			isa = XCConfigurationList;
			buildConfigurations = (
				B33271DF21243EDD00248800 /* Debug */,
				B33271E021243EDD00248800 /* Release */,
			);
			defaultConfigurationIsVisible = 0;
			defaultConfigurationName = Release;
		};
		B33BF10020FC613A00BE7AAE /* Build configuration list for PBXNativeTarget "Frog" */ = {
			isa = XCConfigurationList;
			buildConfigurations = (
				B33BF0FE20FC613A00BE7AAE /* Debug */,
				B33BF0FF20FC613A00BE7AAE /* Release */,
			);
			defaultConfigurationIsVisible = 0;
			defaultConfigurationName = Release;
		};
		B33F5F502119B94C00D3B75F /* Build configuration list for PBXNativeTarget "BoardGame" */ = {
			isa = XCConfigurationList;
			buildConfigurations = (
				B33F5F4E2119B94C00D3B75F /* Debug */,
				B33F5F4F2119B94C00D3B75F /* Release */,
			);
			defaultConfigurationIsVisible = 0;
			defaultConfigurationName = Release;
		};
		B3432DE320EE8B0A005EDAE5 /* Build configuration list for PBXProject "POJ" */ = {
			isa = XCConfigurationList;
			buildConfigurations = (
				B3432DED20EE8B0A005EDAE5 /* Debug */,
				B3432DEE20EE8B0A005EDAE5 /* Release */,
			);
			defaultConfigurationIsVisible = 0;
			defaultConfigurationName = Release;
		};
		B3432DEF20EE8B0A005EDAE5 /* Build configuration list for PBXNativeTarget "POJ" */ = {
			isa = XCConfigurationList;
			buildConfigurations = (
				B3432DF020EE8B0A005EDAE5 /* Debug */,
				B3432DF120EE8B0A005EDAE5 /* Release */,
			);
			defaultConfigurationIsVisible = 0;
			defaultConfigurationName = Release;
		};
		B3432DFA20EE8B2D005EDAE5 /* Build configuration list for PBXNativeTarget "DynamicArray" */ = {
			isa = XCConfigurationList;
			buildConfigurations = (
				B3432DFB20EE8B2D005EDAE5 /* Debug */,
				B3432DFC20EE8B2D005EDAE5 /* Release */,
			);
			defaultConfigurationIsVisible = 0;
			defaultConfigurationName = Release;
		};
		B3432E0520EF52DE005EDAE5 /* Build configuration list for PBXNativeTarget "CShape" */ = {
			isa = XCConfigurationList;
			buildConfigurations = (
				B3432E0620EF52DE005EDAE5 /* Debug */,
				B3432E0720EF52DE005EDAE5 /* Release */,
			);
			defaultConfigurationIsVisible = 0;
			defaultConfigurationName = Release;
		};
		B3432E1020F12112005EDAE5 /* Build configuration list for PBXNativeTarget "BigInt" */ = {
			isa = XCConfigurationList;
			buildConfigurations = (
				B3432E1120F12112005EDAE5 /* Debug */,
				B3432E1220F12112005EDAE5 /* Release */,
			);
			defaultConfigurationIsVisible = 0;
			defaultConfigurationName = Release;
		};
		B3457253211B1BCF00901CCC /* Build configuration list for PBXNativeTarget "BestPlusExpression" */ = {
			isa = XCConfigurationList;
			buildConfigurations = (
				B3457251211B1BCF00901CCC /* Debug */,
				B3457252211B1BCF00901CCC /* Release */,
			);
			defaultConfigurationIsVisible = 0;
			defaultConfigurationName = Release;
		};
		B348E3EF20F3D02E008F351B /* Build configuration list for PBXNativeTarget "TurnOffLights" */ = {
			isa = XCConfigurationList;
			buildConfigurations = (
				B348E3ED20F3D02E008F351B /* Debug */,
				B348E3EE20F3D02E008F351B /* Release */,
			);
			defaultConfigurationIsVisible = 0;
			defaultConfigurationName = Release;
		};
		B34CCA3A2110496F00795546 /* Build configuration list for PBXNativeTarget "CollectPlus" */ = {
			isa = XCConfigurationList;
			buildConfigurations = (
				B34CCA3B2110496F00795546 /* Debug */,
				B34CCA3C2110496F00795546 /* Release */,
			);
			defaultConfigurationIsVisible = 0;
			defaultConfigurationName = Release;
		};
		B34CCA4521104F1F00795546 /* Build configuration list for PBXNativeTarget "Ski" */ = {
			isa = XCConfigurationList;
			buildConfigurations = (
				B34CCA4621104F1F00795546 /* Debug */,
				B34CCA4721104F1F00795546 /* Release */,
			);
			defaultConfigurationIsVisible = 0;
			defaultConfigurationName = Release;
		};
		B363C4F421186D680067D022 /* Build configuration list for PBXNativeTarget "RiseSubSequence" */ = {
			isa = XCConfigurationList;
			buildConfigurations = (
				B363C4F521186D680067D022 /* Debug */,
				B363C4F621186D680067D022 /* Release */,
			);
			defaultConfigurationIsVisible = 0;
			defaultConfigurationName = Release;
		};
		B3929D802100F02E00B92788 /* Build configuration list for PBXNativeTarget "LianlianGame" */ = {
			isa = XCConfigurationList;
			buildConfigurations = (
				B3929D7E2100F02E00B92788 /* Debug */,
				B3929D7F2100F02E00B92788 /* Release */,
			);
			defaultConfigurationIsVisible = 0;
			defaultConfigurationName = Release;
		};
		B3DC5FF0211EC02600C504B2 /* Build configuration list for PBXNativeTarget "FencesSequence" */ = {
			isa = XCConfigurationList;
			buildConfigurations = (
				B3DC5FEE211EC02600C504B2 /* Debug */,
				B3DC5FEF211EC02600C504B2 /* Release */,
			);
			defaultConfigurationIsVisible = 0;
			defaultConfigurationName = Release;
		};
		B3DC600C2121995800C504B2 /* Build configuration list for PBXNativeTarget "MatrixChain" */ = {
			isa = XCConfigurationList;
			buildConfigurations = (
				B3DC600A2121995800C504B2 /* Debug */,
				B3DC600B2121995800C504B2 /* Release */,
			);
			defaultConfigurationIsVisible = 0;
			defaultConfigurationName = Release;
		};
		B3E544762104EA3D002A37E1 /* Build configuration list for PBXNativeTarget "CheckerBoard" */ = {
			isa = XCConfigurationList;
			buildConfigurations = (
				B3E544742104EA3D002A37E1 /* Debug */,
				B3E544752104EA3D002A37E1 /* Release */,
			);
			defaultConfigurationIsVisible = 0;
			defaultConfigurationName = Release;
		};
		B3F1AE0920FCF8610041B6F6 /* Build configuration list for PBXNativeTarget "Paint" */ = {
			isa = XCConfigurationList;
			buildConfigurations = (
				B3F1AE0720FCF8610041B6F6 /* Debug */,
				B3F1AE0820FCF8610041B6F6 /* Release */,
			);
			defaultConfigurationIsVisible = 0;
			defaultConfigurationName = Release;
		};
/* End XCConfigurationList section */
	};
	rootObject = B3432DE020EE8B0A005EDAE5 /* Project object */;
}
